PODS:
  - Alamofire (4.7.2)
  - CoreStore (5.1.0)
  - PromisesObjC (1.1.1)
  - PromisesSwift (1.1.1):
    - PromisesObjC (= 1.1.1)
  - SVProgressHUD (2.2.5)
  - SwiftLint (0.25.1)
  - ZLogger (1.0.0)

DEPENDENCIES:
  - Alamofire (~> 4.7.2)
  - CoreStore (~> 5.0)
  - PromisesSwift (~> 1.1)
  - SVProgressHUD (~> 2.2)
  - SwiftLint (~> 0.25)
  - ZLogger

SPEC REPOS:
  https://github.com/cocoapods/specs.git:
    - Alamofire
    - CoreStore
    - PromisesObjC
    - PromisesSwift
    - SVProgressHUD
    - SwiftLint
    - ZLogger

SPEC CHECKSUMS:
  Alamofire: e4fa87002c137ba2d8d634d2c51fabcda0d5c223
  CoreStore: 5fd51cbe7ea2d7b4dfc6327031ab6ff6f7c63175
  PromisesObjC: c6ea89661f018e55cd83dd7d0b5a7751f5e63c23
  PromisesSwift: 23ae4ad1c81963d35a37a98b83dd1e63403c54b8
  SVProgressHUD: 1428aafac632c1f86f62aa4243ec12008d7a51d6
  SwiftLint: ce933681be10c3266e82576dad676fa815a602e9
  ZLogger: 10113443f92e2514b852883df4431e35360df0dc

PODFILE CHECKSUM: 9d02b7e21659ca7032945a4070f5133a524cc658

COCOAPODS: 1.5.3
