PODS:
  - Bugsnag (5.22.2)
  - CoreStore (6.3.1)
  - Cuckoo (1.0.6)
  - PromisesObjC (1.2.8)
  - PromisesSwift (1.2.8):
    - PromisesObjC (= 1.2.8)
  - SVProgressHUD (2.2.5)
  - SwiftLint (0.33.1)
  - Swinject (2.6.2)
  - ZLogger (1.1.0)

DEPENDENCIES:
  - Bugsnag
  - CoreStore (= 6.3.1)
  - Cuckoo (= 1.0.6)
  - PromisesSwift (= 1.2.8)
  - SVProgressHUD (= 2.2.5)
  - SwiftLint (= 0.33.1)
  - Swinject (= 2.6.2)
  - ZLogger (= 1.1.0)

SPEC REPOS:
  https://cdn.cocoapods.org/:
    - Bugsnag
    - CoreStore
    - Cuckoo
    - PromisesObjC
    - PromisesSwift
    - SwiftLint
    - Swinject
    - ZLogger
  https://github.com/cocoapods/specs.git:
    - SVProgressHUD

SPEC CHECKSUMS:
  Bugsnag: 3e9e2b563f1e99ce447de123c65e851bd109fa9f
  CoreStore: 1ce7b77a95f0939d90b2d1e04e66a4a5bc1614d7
  Cuckoo: 8074fc309159c4862665b83798f5ad03e061e8bd
  PromisesObjC: c119f3cd559f50b7ae681fa59dc1acd19173b7e6
  PromisesSwift: 37bad6f4daddb02f7c9c531efe91e8b21c13ee2f
  SVProgressHUD: 1428aafac632c1f86f62aa4243ec12008d7a51d6
  SwiftLint: 9fc1143bbacec37f94994a7d0d2a85b2154b6294
  Swinject: cf7458774b1b00323080a9c67e47a1ee7f9d2af1
  ZLogger: d53f23ce00f0f94a97271495f9f2957e5255938f

PODFILE CHECKSUM: 1b5540e057737b0ac2268d385262cb5fd2b580e3

COCOAPODS: 1.7.3
