// !$*UTF8*$!
{
	archiveVersion = 1;
	classes = {
	};
	objectVersion = 54;
	objects = {

/* Begin PBXBuildFile section */
		E92E46BD289FBACC0067DA0A /* TabBarController.swift in Sources */ = {isa = PBXBuildFile; fileRef = E92E46BC289FBACC0067DA0A /* TabBarController.swift */; };
		E92E46C4289FC26F0067DA0A /* Mocks.swift in Sources */ = {isa = PBXBuildFile; fileRef = E92E46C1289FC26F0067DA0A /* Mocks.swift */; };
		E92E46C5289FC26F0067DA0A /* Live.swift in Sources */ = {isa = PBXBuildFile; fileRef = E92E46C2289FC26F0067DA0A /* Live.swift */; };
		E92E46C6289FC26F0067DA0A /* Interface.swift in Sources */ = {isa = PBXBuildFile; fileRef = E92E46C3289FC26F0067DA0A /* Interface.swift */; };
		E93163DB28A6D6A60019459F /* FavoriteListView.swift in Sources */ = {isa = PBXBuildFile; fileRef = E93163DA28A6D6A60019459F /* FavoriteListView.swift */; };
		E93163DD28A6DD9C0019459F /* ApiClient.swift in Sources */ = {isa = PBXBuildFile; fileRef = E93163DC28A6DD9C0019459F /* ApiClient.swift */; };
		E946A9F02801F8D100F92C00 /* GetAllStationsUseCaseTests.swift in Sources */ = {isa = PBXBuildFile; fileRef = E946A9EF2801F8D100F92C00 /* GetAllStationsUseCaseTests.swift */; };
		E94D2BA222DB956900A80A76 /* GeneratedMocks.swift in Sources */ = {isa = PBXBuildFile; fileRef = E94D2BA122DB956900A80A76 /* GeneratedMocks.swift */; };
		E98B1AFE289FFE4800056BCE /* DetailsView.swift in Sources */ = {isa = PBXBuildFile; fileRef = E98B1AFD289FFE4800056BCE /* DetailsView.swift */; };
		E98B1B0028A021E800056BCE /* App.swift in Sources */ = {isa = PBXBuildFile; fileRef = E98B1AFF28A021E800056BCE /* App.swift */; };
		E9B4AE03289EEF1000260AEC /* ComposableArchitecture in Frameworks */ = {isa = PBXBuildFile; productRef = E9B4AE02289EEF1000260AEC /* ComposableArchitecture */; };
		E9B4AE09289EF01D00260AEC /* SettingsView.swift in Sources */ = {isa = PBXBuildFile; fileRef = E9B4AE08289EF01D00260AEC /* SettingsView.swift */; };
		E9C2FF1523CE25F200FFCDBD /* AppComponent.swift in Sources */ = {isa = PBXBuildFile; fileRef = E9C2FF1423CE25F200FFCDBD /* AppComponent.swift */; };
		E9C2FF1723CE266C00FFCDBD /* AppAssembly.swift in Sources */ = {isa = PBXBuildFile; fileRef = E9C2FF1623CE266C00FFCDBD /* AppAssembly.swift */; };
		E9C2FF1923CE26A900FFCDBD /* PresenterAssembly.swift in Sources */ = {isa = PBXBuildFile; fileRef = E9C2FF1823CE26A900FFCDBD /* PresenterAssembly.swift */; };
		E9C2FF1B23CE26DD00FFCDBD /* RepositoryAssembly.swift in Sources */ = {isa = PBXBuildFile; fileRef = E9C2FF1A23CE26DD00FFCDBD /* RepositoryAssembly.swift */; };
		E9E7CBA8277CD8C000E1EB4A /* StationRepository.swift in Sources */ = {isa = PBXBuildFile; fileRef = E9E7CBA7277CD8C000E1EB4A /* StationRepository.swift */; };
		E9E7CBAB277CD8CD00E1EB4A /* FavoriteLocalDataSource.swift in Sources */ = {isa = PBXBuildFile; fileRef = E9E7CBA9277CD8CD00E1EB4A /* FavoriteLocalDataSource.swift */; };
		E9E7CBAC277CD8CD00E1EB4A /* StationRemoteDataSource.swift in Sources */ = {isa = PBXBuildFile; fileRef = E9E7CBAA277CD8CD00E1EB4A /* StationRemoteDataSource.swift */; };
		E9E7CBAE277CD8EA00E1EB4A /* GetAllStationsUseCase.swift in Sources */ = {isa = PBXBuildFile; fileRef = E9E7CBAD277CD8EA00E1EB4A /* GetAllStationsUseCase.swift */; };
		E9E7CBB0277CD97900E1EB4A /* UseCaseAssembly.swift in Sources */ = {isa = PBXBuildFile; fileRef = E9E7CBAF277CD97900E1EB4A /* UseCaseAssembly.swift */; };
		E9E7CBB2277CDA0100E1EB4A /* DataSourceAssembly.swift in Sources */ = {isa = PBXBuildFile; fileRef = E9E7CBB1277CDA0100E1EB4A /* DataSourceAssembly.swift */; };
		E9E7CBB4277CDAFC00E1EB4A /* GetMapStyleUseCase.swift in Sources */ = {isa = PBXBuildFile; fileRef = E9E7CBB3277CDAFC00E1EB4A /* GetMapStyleUseCase.swift */; };
		E9E7CBB6277CDB4300E1EB4A /* MapRepository.swift in Sources */ = {isa = PBXBuildFile; fileRef = E9E7CBB5277CDB4300E1EB4A /* MapRepository.swift */; };
		E9E7CBB8277CDE5600E1EB4A /* IsFavoriteStationUseCase.swift in Sources */ = {isa = PBXBuildFile; fileRef = E9E7CBB7277CDE5600E1EB4A /* IsFavoriteStationUseCase.swift */; };
		E9E7CBBC277CE75800E1EB4A /* AddFavoriteStationUseCase.swift in Sources */ = {isa = PBXBuildFile; fileRef = E9E7CBBB277CE75800E1EB4A /* AddFavoriteStationUseCase.swift */; };
		E9E7CBBE277CE7D800E1EB4A /* RemoveFavoriteStationUseCase.swift in Sources */ = {isa = PBXBuildFile; fileRef = E9E7CBBD277CE7D800E1EB4A /* RemoveFavoriteStationUseCase.swift */; };
		E9E7CBC0277CE88200E1EB4A /* GetNumberOfFavoriteStationsUseCase.swift in Sources */ = {isa = PBXBuildFile; fileRef = E9E7CBBF277CE88200E1EB4A /* GetNumberOfFavoriteStationsUseCase.swift */; };
		E9E7CBC2277D0BAE00E1EB4A /* GetSpecificStationsUseCase.swift in Sources */ = {isa = PBXBuildFile; fileRef = E9E7CBC1277D0BAE00E1EB4A /* GetSpecificStationsUseCase.swift */; };
		E9E7CBC4277D0C7800E1EB4A /* GetFavoriteStationsIds.swift in Sources */ = {isa = PBXBuildFile; fileRef = E9E7CBC3277D0C7800E1EB4A /* GetFavoriteStationsIds.swift */; };
		E9E7CBC6277D0DBF00E1EB4A /* SetMapStyleUseCase.swift in Sources */ = {isa = PBXBuildFile; fileRef = E9E7CBC5277D0DBF00E1EB4A /* SetMapStyleUseCase.swift */; };
		E9E7CBC9277D0FF500E1EB4A /* StationResponse.swift in Sources */ = {isa = PBXBuildFile; fileRef = E9E7CBC8277D0FF500E1EB4A /* StationResponse.swift */; };
		E9E7CBCC277D10B700E1EB4A /* DomainStation.swift in Sources */ = {isa = PBXBuildFile; fileRef = E9E7CBCB277D10B700E1EB4A /* DomainStation.swift */; };
		E9E7CBCE277D11A900E1EB4A /* DomainModelConvertible.swift in Sources */ = {isa = PBXBuildFile; fileRef = E9E7CBCD277D11A900E1EB4A /* DomainModelConvertible.swift */; };
		E9E7CBD8277D14C300E1EB4A /* UIStation.swift in Sources */ = {isa = PBXBuildFile; fileRef = E9E7CBD2277D14C200E1EB4A /* UIStation.swift */; };
		E9E7CBD9277D14C300E1EB4A /* DetailsPresenter.swift in Sources */ = {isa = PBXBuildFile; fileRef = E9E7CBD4277D14C200E1EB4A /* DetailsPresenter.swift */; };
		E9E7CBDA277D14C300E1EB4A /* MapPresenter.swift in Sources */ = {isa = PBXBuildFile; fileRef = E9E7CBD5277D14C200E1EB4A /* MapPresenter.swift */; };
		E9E7CBDB277D14C300E1EB4A /* FavoritePresenter.swift in Sources */ = {isa = PBXBuildFile; fileRef = E9E7CBD6277D14C200E1EB4A /* FavoritePresenter.swift */; };
		E9E7CBDC277D14C300E1EB4A /* SettingsPresenter.swift in Sources */ = {isa = PBXBuildFile; fileRef = E9E7CBD7277D14C200E1EB4A /* SettingsPresenter.swift */; };
		E9E7CBE3277D14EF00E1EB4A /* SettingsViewController.swift in Sources */ = {isa = PBXBuildFile; fileRef = E9E7CBDD277D14EF00E1EB4A /* SettingsViewController.swift */; };
		E9E7CBE4277D14EF00E1EB4A /* MapViewController.swift in Sources */ = {isa = PBXBuildFile; fileRef = E9E7CBDE277D14EF00E1EB4A /* MapViewController.swift */; };
		E9E7CBE5277D14EF00E1EB4A /* FavoriteTableViewController.swift in Sources */ = {isa = PBXBuildFile; fileRef = E9E7CBDF277D14EF00E1EB4A /* FavoriteTableViewController.swift */; };
		E9E7CBE6277D14EF00E1EB4A /* FavoriteTableViewCell.swift in Sources */ = {isa = PBXBuildFile; fileRef = E9E7CBE1277D14EF00E1EB4A /* FavoriteTableViewCell.swift */; };
		E9E7CBE7277D14EF00E1EB4A /* DetailsViewController.swift in Sources */ = {isa = PBXBuildFile; fileRef = E9E7CBE2277D14EF00E1EB4A /* DetailsViewController.swift */; };
		E9E7CBEC277DAE7400E1EB4A /* StationRouter.swift in Sources */ = {isa = PBXBuildFile; fileRef = E9E7CBEB277DAE7400E1EB4A /* StationRouter.swift */; };
		E9E7CBEE277DB07A00E1EB4A /* RouterAssembly.swift in Sources */ = {isa = PBXBuildFile; fileRef = E9E7CBED277DB07A00E1EB4A /* RouterAssembly.swift */; };
		E9E7CBF1277DBA7E00E1EB4A /* MoyaProviderExtensions.swift in Sources */ = {isa = PBXBuildFile; fileRef = E9E7CBF0277DBA7E00E1EB4A /* MoyaProviderExtensions.swift */; };
		E9E7CBF5277DC6B400E1EB4A /* FetchStationObjectResponse.swift in Sources */ = {isa = PBXBuildFile; fileRef = E9E7CBF2277DC6B400E1EB4A /* FetchStationObjectResponse.swift */; };
		E9E7CBF6277DC6B400E1EB4A /* APIError.swift in Sources */ = {isa = PBXBuildFile; fileRef = E9E7CBF3277DC6B400E1EB4A /* APIError.swift */; };
		E9E7CBF7277DC6B400E1EB4A /* MapStyle.swift in Sources */ = {isa = PBXBuildFile; fileRef = E9E7CBF4277DC6B400E1EB4A /* MapStyle.swift */; };
		E9E961032801FE0800C42BD6 /* GetSpecificStationsUseCaseTests.swift in Sources */ = {isa = PBXBuildFile; fileRef = E9E961022801FE0800C42BD6 /* GetSpecificStationsUseCaseTests.swift */; };
		E9E961052801FEDC00C42BD6 /* GetMapStyleUseCaseTests.swift in Sources */ = {isa = PBXBuildFile; fileRef = E9E961042801FEDC00C42BD6 /* GetMapStyleUseCaseTests.swift */; };
		E9E961072801FF7800C42BD6 /* SetMapStyleUseCaseTests.swift in Sources */ = {isa = PBXBuildFile; fileRef = E9E961062801FF7800C42BD6 /* SetMapStyleUseCaseTests.swift */; };
		E9E961092802178100C42BD6 /* IsFavoriteStationUseCaseTests.swift in Sources */ = {isa = PBXBuildFile; fileRef = E9E961082802178100C42BD6 /* IsFavoriteStationUseCaseTests.swift */; };
		E9E9610B2802181D00C42BD6 /* AddFavoriteStationUseCaseTests.swift in Sources */ = {isa = PBXBuildFile; fileRef = E9E9610A2802181D00C42BD6 /* AddFavoriteStationUseCaseTests.swift */; };
		E9E9610D2802188700C42BD6 /* RemoveFavoriteStationUseCaseTests.swift in Sources */ = {isa = PBXBuildFile; fileRef = E9E9610C2802188700C42BD6 /* RemoveFavoriteStationUseCaseTests.swift */; };
		E9E9610F280218DE00C42BD6 /* GetNumberOfFavoriteStationUseCaseTests.swift in Sources */ = {isa = PBXBuildFile; fileRef = E9E9610E280218DE00C42BD6 /* GetNumberOfFavoriteStationUseCaseTests.swift */; };
		E9E961112802195600C42BD6 /* GetFavoriteStationsIdsTests.swift in Sources */ = {isa = PBXBuildFile; fileRef = E9E961102802195600C42BD6 /* GetFavoriteStationsIdsTests.swift */; };
		E9E9611528021A6000C42BD6 /* StationRepositoryTests.swift in Sources */ = {isa = PBXBuildFile; fileRef = E9E9611428021A6000C42BD6 /* StationRepositoryTests.swift */; };
		E9E9611728021DC800C42BD6 /* MapRepositoryTests.swift in Sources */ = {isa = PBXBuildFile; fileRef = E9E9611628021DC800C42BD6 /* MapRepositoryTests.swift */; };
		E9E9611A2802229000C42BD6 /* FavoriteLocalDataSourceTests.swift in Sources */ = {isa = PBXBuildFile; fileRef = E9E961192802229000C42BD6 /* FavoriteLocalDataSourceTests.swift */; };
		E9EC31ED28A78E2E006DB23A /* FavoriteEmptyCell.swift in Sources */ = {isa = PBXBuildFile; fileRef = E9EC31EC28A78E2E006DB23A /* FavoriteEmptyCell.swift */; };
		E9EC31EF28A794AB006DB23A /* FavoriteCell.swift in Sources */ = {isa = PBXBuildFile; fileRef = E9EC31EE28A794AB006DB23A /* FavoriteCell.swift */; };
		E9F9715C2802D53900D1DAA8 /* StationRouterTests.swift in Sources */ = {isa = PBXBuildFile; fileRef = E9F9715B2802D53900D1DAA8 /* StationRouterTests.swift */; };
		EBA372FE1EA3A0CC00E214DD /* Main.storyboard in Resources */ = {isa = PBXBuildFile; fileRef = EBA372FC1EA3A0CC00E214DD /* Main.storyboard */; };
		EBA373001EA3A0CC00E214DD /* Assets.xcassets in Resources */ = {isa = PBXBuildFile; fileRef = EBA372FF1EA3A0CC00E214DD /* Assets.xcassets */; };
		EBA373031EA3A0CC00E214DD /* LaunchScreen.storyboard in Resources */ = {isa = PBXBuildFile; fileRef = EBA373011EA3A0CC00E214DD /* LaunchScreen.storyboard */; };
		EBADFBBE20B0798A0012909E /* Loadable.swift in Sources */ = {isa = PBXBuildFile; fileRef = EBADFBBC20B0798A0012909E /* Loadable.swift */; };
		EBADFBBF20B0798A0012909E /* PopupManager.swift in Sources */ = {isa = PBXBuildFile; fileRef = EBADFBBD20B0798A0012909E /* PopupManager.swift */; };
		EBADFBC320B079B60012909E /* AppDelegate.swift in Sources */ = {isa = PBXBuildFile; fileRef = EBADFBC120B079B60012909E /* AppDelegate.swift */; };
		EBC4DFF820B0332300E5966C /* Constants.swift in Sources */ = {isa = PBXBuildFile; fileRef = EBC4DFF720B0332300E5966C /* Constants.swift */; };
		ECE4F335AE599A31397EF909 /* Pods_velib_map.framework in Frameworks */ = {isa = PBXBuildFile; fileRef = 3C18E88C379F1440D3F3D185 /* Pods_velib_map.framework */; };
		EE1662C48282059EFFC2F4A7 /* Pods_velib_mapTests.framework in Frameworks */ = {isa = PBXBuildFile; fileRef = A25D1DC61D66E5008F79A8B8 /* Pods_velib_mapTests.framework */; };
/* End PBXBuildFile section */

/* Begin PBXContainerItemProxy section */
		E94D2B9B22DB94AB00A80A76 /* PBXContainerItemProxy */ = {
			isa = PBXContainerItemProxy;
			containerPortal = EBA372ED1EA3A0CC00E214DD /* Project object */;
			proxyType = 1;
			remoteGlobalIDString = EBA372F41EA3A0CC00E214DD;
			remoteInfo = "velib-map";
		};
/* End PBXContainerItemProxy section */

/* Begin PBXCopyFilesBuildPhase section */
		E9C2FF3923DCA86800FFCDBD /* Embed App Extensions */ = {
			isa = PBXCopyFilesBuildPhase;
			buildActionMask = 2147483647;
			dstPath = "";
			dstSubfolderSpec = 13;
			files = (
			);
			name = "Embed App Extensions";
			runOnlyForDeploymentPostprocessing = 0;
		};
/* End PBXCopyFilesBuildPhase section */

/* Begin PBXFileReference section */
		23F9D0956B9A51CC3B1DDDCA /* Pods-velib-mapTests.release.xcconfig */ = {isa = PBXFileReference; includeInIndex = 1; lastKnownFileType = text.xcconfig; name = "Pods-velib-mapTests.release.xcconfig"; path = "Pods/Target Support Files/Pods-velib-mapTests/Pods-velib-mapTests.release.xcconfig"; sourceTree = "<group>"; };
		2413D55EBACB8020A6DB241A /* Pods-velib-map.debug.xcconfig */ = {isa = PBXFileReference; includeInIndex = 1; lastKnownFileType = text.xcconfig; name = "Pods-velib-map.debug.xcconfig"; path = "Pods/Target Support Files/Pods-velib-map/Pods-velib-map.debug.xcconfig"; sourceTree = "<group>"; };
		3C18E88C379F1440D3F3D185 /* Pods_velib_map.framework */ = {isa = PBXFileReference; explicitFileType = wrapper.framework; includeInIndex = 0; path = Pods_velib_map.framework; sourceTree = BUILT_PRODUCTS_DIR; };
		4B7BC9EA316703AE564588F1 /* Pods-velib-mapTests.debug.xcconfig */ = {isa = PBXFileReference; includeInIndex = 1; lastKnownFileType = text.xcconfig; name = "Pods-velib-mapTests.debug.xcconfig"; path = "Pods/Target Support Files/Pods-velib-mapTests/Pods-velib-mapTests.debug.xcconfig"; sourceTree = "<group>"; };
		A25D1DC61D66E5008F79A8B8 /* Pods_velib_mapTests.framework */ = {isa = PBXFileReference; explicitFileType = wrapper.framework; includeInIndex = 0; path = Pods_velib_mapTests.framework; sourceTree = BUILT_PRODUCTS_DIR; };
		E92E46BC289FBACC0067DA0A /* TabBarController.swift */ = {isa = PBXFileReference; lastKnownFileType = sourcecode.swift; path = TabBarController.swift; sourceTree = "<group>"; };
		E92E46C1289FC26F0067DA0A /* Mocks.swift */ = {isa = PBXFileReference; fileEncoding = 4; lastKnownFileType = sourcecode.swift; path = Mocks.swift; sourceTree = "<group>"; };
		E92E46C2289FC26F0067DA0A /* Live.swift */ = {isa = PBXFileReference; fileEncoding = 4; lastKnownFileType = sourcecode.swift; path = Live.swift; sourceTree = "<group>"; };
		E92E46C3289FC26F0067DA0A /* Interface.swift */ = {isa = PBXFileReference; fileEncoding = 4; lastKnownFileType = sourcecode.swift; path = Interface.swift; sourceTree = "<group>"; };
		E93163DA28A6D6A60019459F /* FavoriteListView.swift */ = {isa = PBXFileReference; lastKnownFileType = sourcecode.swift; path = FavoriteListView.swift; sourceTree = "<group>"; };
		E93163DC28A6DD9C0019459F /* ApiClient.swift */ = {isa = PBXFileReference; lastKnownFileType = sourcecode.swift; path = ApiClient.swift; sourceTree = "<group>"; };
		E946A9EF2801F8D100F92C00 /* GetAllStationsUseCaseTests.swift */ = {isa = PBXFileReference; lastKnownFileType = sourcecode.swift; path = GetAllStationsUseCaseTests.swift; sourceTree = "<group>"; };
		E94D2B9622DB94AB00A80A76 /* velib-mapTests.xctest */ = {isa = PBXFileReference; explicitFileType = wrapper.cfbundle; includeInIndex = 0; path = "velib-mapTests.xctest"; sourceTree = BUILT_PRODUCTS_DIR; };
		E94D2B9A22DB94AB00A80A76 /* Info.plist */ = {isa = PBXFileReference; lastKnownFileType = text.plist.xml; path = Info.plist; sourceTree = "<group>"; };
		E94D2BA122DB956900A80A76 /* GeneratedMocks.swift */ = {isa = PBXFileReference; fileEncoding = 4; lastKnownFileType = sourcecode.swift; path = GeneratedMocks.swift; sourceTree = "<group>"; };
		E98B1AFD289FFE4800056BCE /* DetailsView.swift */ = {isa = PBXFileReference; lastKnownFileType = sourcecode.swift; path = DetailsView.swift; sourceTree = "<group>"; };
		E98B1AFF28A021E800056BCE /* App.swift */ = {isa = PBXFileReference; lastKnownFileType = sourcecode.swift; path = App.swift; sourceTree = "<group>"; };
		E9B4AE08289EF01D00260AEC /* SettingsView.swift */ = {isa = PBXFileReference; lastKnownFileType = sourcecode.swift; path = SettingsView.swift; sourceTree = "<group>"; };
		E9C2FF1423CE25F200FFCDBD /* AppComponent.swift */ = {isa = PBXFileReference; lastKnownFileType = sourcecode.swift; name = AppComponent.swift; path = di/AppComponent.swift; sourceTree = "<group>"; };
		E9C2FF1623CE266C00FFCDBD /* AppAssembly.swift */ = {isa = PBXFileReference; lastKnownFileType = sourcecode.swift; name = AppAssembly.swift; path = di/AppAssembly.swift; sourceTree = "<group>"; };
		E9C2FF1823CE26A900FFCDBD /* PresenterAssembly.swift */ = {isa = PBXFileReference; lastKnownFileType = sourcecode.swift; name = PresenterAssembly.swift; path = di/PresenterAssembly.swift; sourceTree = "<group>"; };
		E9C2FF1A23CE26DD00FFCDBD /* RepositoryAssembly.swift */ = {isa = PBXFileReference; lastKnownFileType = sourcecode.swift; name = RepositoryAssembly.swift; path = di/RepositoryAssembly.swift; sourceTree = "<group>"; };
		E9C2FF2D23DCA86800FFCDBD /* NotificationCenter.framework */ = {isa = PBXFileReference; lastKnownFileType = wrapper.framework; name = NotificationCenter.framework; path = System/Library/Frameworks/NotificationCenter.framework; sourceTree = SDKROOT; };
		E9C2FF3D23DCAA6200FFCDBD /* velib-map.entitlements */ = {isa = PBXFileReference; lastKnownFileType = text.plist.entitlements; path = "velib-map.entitlements"; sourceTree = "<group>"; };
		E9E7CBA7277CD8C000E1EB4A /* StationRepository.swift */ = {isa = PBXFileReference; fileEncoding = 4; lastKnownFileType = sourcecode.swift; name = StationRepository.swift; path = data/repositories/StationRepository.swift; sourceTree = "<group>"; };
		E9E7CBA9277CD8CD00E1EB4A /* FavoriteLocalDataSource.swift */ = {isa = PBXFileReference; fileEncoding = 4; lastKnownFileType = sourcecode.swift; name = FavoriteLocalDataSource.swift; path = data/datasources/FavoriteLocalDataSource.swift; sourceTree = "<group>"; };
		E9E7CBAA277CD8CD00E1EB4A /* StationRemoteDataSource.swift */ = {isa = PBXFileReference; fileEncoding = 4; lastKnownFileType = sourcecode.swift; name = StationRemoteDataSource.swift; path = data/datasources/StationRemoteDataSource.swift; sourceTree = "<group>"; };
		E9E7CBAD277CD8EA00E1EB4A /* GetAllStationsUseCase.swift */ = {isa = PBXFileReference; fileEncoding = 4; lastKnownFileType = sourcecode.swift; name = GetAllStationsUseCase.swift; path = domain/usecases/GetAllStationsUseCase.swift; sourceTree = "<group>"; };
		E9E7CBAF277CD97900E1EB4A /* UseCaseAssembly.swift */ = {isa = PBXFileReference; lastKnownFileType = sourcecode.swift; name = UseCaseAssembly.swift; path = di/UseCaseAssembly.swift; sourceTree = "<group>"; };
		E9E7CBB1277CDA0100E1EB4A /* DataSourceAssembly.swift */ = {isa = PBXFileReference; lastKnownFileType = sourcecode.swift; name = DataSourceAssembly.swift; path = di/DataSourceAssembly.swift; sourceTree = "<group>"; };
		E9E7CBB3277CDAFC00E1EB4A /* GetMapStyleUseCase.swift */ = {isa = PBXFileReference; lastKnownFileType = sourcecode.swift; name = GetMapStyleUseCase.swift; path = domain/usecases/GetMapStyleUseCase.swift; sourceTree = "<group>"; };
		E9E7CBB5277CDB4300E1EB4A /* MapRepository.swift */ = {isa = PBXFileReference; lastKnownFileType = sourcecode.swift; name = MapRepository.swift; path = data/repositories/MapRepository.swift; sourceTree = "<group>"; };
		E9E7CBB7277CDE5600E1EB4A /* IsFavoriteStationUseCase.swift */ = {isa = PBXFileReference; lastKnownFileType = sourcecode.swift; name = IsFavoriteStationUseCase.swift; path = domain/usecases/IsFavoriteStationUseCase.swift; sourceTree = "<group>"; };
		E9E7CBBB277CE75800E1EB4A /* AddFavoriteStationUseCase.swift */ = {isa = PBXFileReference; lastKnownFileType = sourcecode.swift; name = AddFavoriteStationUseCase.swift; path = domain/usecases/AddFavoriteStationUseCase.swift; sourceTree = "<group>"; };
		E9E7CBBD277CE7D800E1EB4A /* RemoveFavoriteStationUseCase.swift */ = {isa = PBXFileReference; lastKnownFileType = sourcecode.swift; name = RemoveFavoriteStationUseCase.swift; path = domain/usecases/RemoveFavoriteStationUseCase.swift; sourceTree = "<group>"; };
		E9E7CBBF277CE88200E1EB4A /* GetNumberOfFavoriteStationsUseCase.swift */ = {isa = PBXFileReference; lastKnownFileType = sourcecode.swift; name = GetNumberOfFavoriteStationsUseCase.swift; path = domain/usecases/GetNumberOfFavoriteStationsUseCase.swift; sourceTree = "<group>"; };
		E9E7CBC1277D0BAE00E1EB4A /* GetSpecificStationsUseCase.swift */ = {isa = PBXFileReference; lastKnownFileType = sourcecode.swift; name = GetSpecificStationsUseCase.swift; path = domain/usecases/GetSpecificStationsUseCase.swift; sourceTree = "<group>"; };
		E9E7CBC3277D0C7800E1EB4A /* GetFavoriteStationsIds.swift */ = {isa = PBXFileReference; lastKnownFileType = sourcecode.swift; name = GetFavoriteStationsIds.swift; path = domain/usecases/GetFavoriteStationsIds.swift; sourceTree = "<group>"; };
		E9E7CBC5277D0DBF00E1EB4A /* SetMapStyleUseCase.swift */ = {isa = PBXFileReference; lastKnownFileType = sourcecode.swift; name = SetMapStyleUseCase.swift; path = domain/usecases/SetMapStyleUseCase.swift; sourceTree = "<group>"; };
		E9E7CBC8277D0FF500E1EB4A /* StationResponse.swift */ = {isa = PBXFileReference; lastKnownFileType = sourcecode.swift; name = StationResponse.swift; path = data/models/StationResponse.swift; sourceTree = "<group>"; };
		E9E7CBCB277D10B700E1EB4A /* DomainStation.swift */ = {isa = PBXFileReference; lastKnownFileType = sourcecode.swift; name = DomainStation.swift; path = domain/models/DomainStation.swift; sourceTree = "<group>"; };
		E9E7CBCD277D11A900E1EB4A /* DomainModelConvertible.swift */ = {isa = PBXFileReference; lastKnownFileType = sourcecode.swift; name = DomainModelConvertible.swift; path = data/models/DomainModelConvertible.swift; sourceTree = "<group>"; };
		E9E7CBD2277D14C200E1EB4A /* UIStation.swift */ = {isa = PBXFileReference; fileEncoding = 4; lastKnownFileType = sourcecode.swift; path = UIStation.swift; sourceTree = "<group>"; };
		E9E7CBD4277D14C200E1EB4A /* DetailsPresenter.swift */ = {isa = PBXFileReference; fileEncoding = 4; lastKnownFileType = sourcecode.swift; path = DetailsPresenter.swift; sourceTree = "<group>"; };
		E9E7CBD5277D14C200E1EB4A /* MapPresenter.swift */ = {isa = PBXFileReference; fileEncoding = 4; lastKnownFileType = sourcecode.swift; path = MapPresenter.swift; sourceTree = "<group>"; };
		E9E7CBD6277D14C200E1EB4A /* FavoritePresenter.swift */ = {isa = PBXFileReference; fileEncoding = 4; lastKnownFileType = sourcecode.swift; path = FavoritePresenter.swift; sourceTree = "<group>"; };
		E9E7CBD7277D14C200E1EB4A /* SettingsPresenter.swift */ = {isa = PBXFileReference; fileEncoding = 4; lastKnownFileType = sourcecode.swift; path = SettingsPresenter.swift; sourceTree = "<group>"; };
		E9E7CBDD277D14EF00E1EB4A /* SettingsViewController.swift */ = {isa = PBXFileReference; fileEncoding = 4; lastKnownFileType = sourcecode.swift; path = SettingsViewController.swift; sourceTree = "<group>"; };
		E9E7CBDE277D14EF00E1EB4A /* MapViewController.swift */ = {isa = PBXFileReference; fileEncoding = 4; lastKnownFileType = sourcecode.swift; path = MapViewController.swift; sourceTree = "<group>"; };
		E9E7CBDF277D14EF00E1EB4A /* FavoriteTableViewController.swift */ = {isa = PBXFileReference; fileEncoding = 4; lastKnownFileType = sourcecode.swift; path = FavoriteTableViewController.swift; sourceTree = "<group>"; };
		E9E7CBE1277D14EF00E1EB4A /* FavoriteTableViewCell.swift */ = {isa = PBXFileReference; fileEncoding = 4; lastKnownFileType = sourcecode.swift; path = FavoriteTableViewCell.swift; sourceTree = "<group>"; };
		E9E7CBE2277D14EF00E1EB4A /* DetailsViewController.swift */ = {isa = PBXFileReference; fileEncoding = 4; lastKnownFileType = sourcecode.swift; path = DetailsViewController.swift; sourceTree = "<group>"; };
		E9E7CBEB277DAE7400E1EB4A /* StationRouter.swift */ = {isa = PBXFileReference; fileEncoding = 4; lastKnownFileType = sourcecode.swift; name = StationRouter.swift; path = data/router/StationRouter.swift; sourceTree = "<group>"; };
		E9E7CBED277DB07A00E1EB4A /* RouterAssembly.swift */ = {isa = PBXFileReference; lastKnownFileType = sourcecode.swift; name = RouterAssembly.swift; path = di/RouterAssembly.swift; sourceTree = "<group>"; };
		E9E7CBF0277DBA7E00E1EB4A /* MoyaProviderExtensions.swift */ = {isa = PBXFileReference; lastKnownFileType = sourcecode.swift; name = MoyaProviderExtensions.swift; path = data/network/MoyaProviderExtensions.swift; sourceTree = "<group>"; };
		E9E7CBF2277DC6B400E1EB4A /* FetchStationObjectResponse.swift */ = {isa = PBXFileReference; fileEncoding = 4; lastKnownFileType = sourcecode.swift; name = FetchStationObjectResponse.swift; path = data/models/FetchStationObjectResponse.swift; sourceTree = "<group>"; };
		E9E7CBF3277DC6B400E1EB4A /* APIError.swift */ = {isa = PBXFileReference; fileEncoding = 4; lastKnownFileType = sourcecode.swift; name = APIError.swift; path = data/models/APIError.swift; sourceTree = "<group>"; };
		E9E7CBF4277DC6B400E1EB4A /* MapStyle.swift */ = {isa = PBXFileReference; fileEncoding = 4; lastKnownFileType = sourcecode.swift; name = MapStyle.swift; path = data/models/MapStyle.swift; sourceTree = "<group>"; };
		E9E961022801FE0800C42BD6 /* GetSpecificStationsUseCaseTests.swift */ = {isa = PBXFileReference; lastKnownFileType = sourcecode.swift; path = GetSpecificStationsUseCaseTests.swift; sourceTree = "<group>"; };
		E9E961042801FEDC00C42BD6 /* GetMapStyleUseCaseTests.swift */ = {isa = PBXFileReference; lastKnownFileType = sourcecode.swift; path = GetMapStyleUseCaseTests.swift; sourceTree = "<group>"; };
		E9E961062801FF7800C42BD6 /* SetMapStyleUseCaseTests.swift */ = {isa = PBXFileReference; lastKnownFileType = sourcecode.swift; path = SetMapStyleUseCaseTests.swift; sourceTree = "<group>"; };
		E9E961082802178100C42BD6 /* IsFavoriteStationUseCaseTests.swift */ = {isa = PBXFileReference; lastKnownFileType = sourcecode.swift; path = IsFavoriteStationUseCaseTests.swift; sourceTree = "<group>"; };
		E9E9610A2802181D00C42BD6 /* AddFavoriteStationUseCaseTests.swift */ = {isa = PBXFileReference; lastKnownFileType = sourcecode.swift; path = AddFavoriteStationUseCaseTests.swift; sourceTree = "<group>"; };
		E9E9610C2802188700C42BD6 /* RemoveFavoriteStationUseCaseTests.swift */ = {isa = PBXFileReference; lastKnownFileType = sourcecode.swift; path = RemoveFavoriteStationUseCaseTests.swift; sourceTree = "<group>"; };
		E9E9610E280218DE00C42BD6 /* GetNumberOfFavoriteStationUseCaseTests.swift */ = {isa = PBXFileReference; lastKnownFileType = sourcecode.swift; path = GetNumberOfFavoriteStationUseCaseTests.swift; sourceTree = "<group>"; };
		E9E961102802195600C42BD6 /* GetFavoriteStationsIdsTests.swift */ = {isa = PBXFileReference; lastKnownFileType = sourcecode.swift; path = GetFavoriteStationsIdsTests.swift; sourceTree = "<group>"; };
		E9E9611428021A6000C42BD6 /* StationRepositoryTests.swift */ = {isa = PBXFileReference; lastKnownFileType = sourcecode.swift; path = StationRepositoryTests.swift; sourceTree = "<group>"; };
		E9E9611628021DC800C42BD6 /* MapRepositoryTests.swift */ = {isa = PBXFileReference; lastKnownFileType = sourcecode.swift; path = MapRepositoryTests.swift; sourceTree = "<group>"; };
		E9E961192802229000C42BD6 /* FavoriteLocalDataSourceTests.swift */ = {isa = PBXFileReference; lastKnownFileType = sourcecode.swift; path = FavoriteLocalDataSourceTests.swift; sourceTree = "<group>"; };
		E9EC31EC28A78E2E006DB23A /* FavoriteEmptyCell.swift */ = {isa = PBXFileReference; lastKnownFileType = sourcecode.swift; path = FavoriteEmptyCell.swift; sourceTree = "<group>"; };
		E9EC31EE28A794AB006DB23A /* FavoriteCell.swift */ = {isa = PBXFileReference; lastKnownFileType = sourcecode.swift; path = FavoriteCell.swift; sourceTree = "<group>"; };
		E9F1DD81265037BE003858AE /* StubFixtures.swift */ = {isa = PBXFileReference; lastKnownFileType = sourcecode.swift; path = StubFixtures.swift; sourceTree = "<group>"; };
		E9F9715B2802D53900D1DAA8 /* StationRouterTests.swift */ = {isa = PBXFileReference; lastKnownFileType = sourcecode.swift; path = StationRouterTests.swift; sourceTree = "<group>"; };
		E9F9715D2802D72500D1DAA8 /* Moya.framework */ = {isa = PBXFileReference; explicitFileType = wrapper.framework; path = Moya.framework; sourceTree = BUILT_PRODUCTS_DIR; };
		E9F9715F2802D73600D1DAA8 /* Alamofire.framework */ = {isa = PBXFileReference; explicitFileType = wrapper.framework; path = Alamofire.framework; sourceTree = BUILT_PRODUCTS_DIR; };
		EBA372F51EA3A0CC00E214DD /* velib-map.app */ = {isa = PBXFileReference; explicitFileType = wrapper.application; includeInIndex = 0; path = "velib-map.app"; sourceTree = BUILT_PRODUCTS_DIR; };
		EBA372FD1EA3A0CC00E214DD /* Base */ = {isa = PBXFileReference; lastKnownFileType = file.storyboard; name = Base; path = Base.lproj/Main.storyboard; sourceTree = "<group>"; };
		EBA372FF1EA3A0CC00E214DD /* Assets.xcassets */ = {isa = PBXFileReference; lastKnownFileType = folder.assetcatalog; path = Assets.xcassets; sourceTree = "<group>"; };
		EBA373021EA3A0CC00E214DD /* Base */ = {isa = PBXFileReference; lastKnownFileType = file.storyboard; name = Base; path = Base.lproj/LaunchScreen.storyboard; sourceTree = "<group>"; };
		EBADFBBC20B0798A0012909E /* Loadable.swift */ = {isa = PBXFileReference; fileEncoding = 4; lastKnownFileType = sourcecode.swift; name = Loadable.swift; path = Utils/Loadable.swift; sourceTree = "<group>"; };
		EBADFBBD20B0798A0012909E /* PopupManager.swift */ = {isa = PBXFileReference; fileEncoding = 4; lastKnownFileType = sourcecode.swift; name = PopupManager.swift; path = Utils/PopupManager.swift; sourceTree = "<group>"; };
		EBADFBC120B079B60012909E /* AppDelegate.swift */ = {isa = PBXFileReference; fileEncoding = 4; lastKnownFileType = sourcecode.swift; name = AppDelegate.swift; path = SupportingFiles/AppDelegate.swift; sourceTree = "<group>"; };
		EBADFBD220B080A20012909E /* Info.plist */ = {isa = PBXFileReference; fileEncoding = 4; lastKnownFileType = text.plist.xml; name = Info.plist; path = SupportingFiles/Info.plist; sourceTree = "<group>"; };
		EBC4DFF720B0332300E5966C /* Constants.swift */ = {isa = PBXFileReference; fileEncoding = 4; lastKnownFileType = sourcecode.swift; name = Constants.swift; path = utils/Constants.swift; sourceTree = "<group>"; };
		FD0FBAEF8A1323275B26288F /* Pods-velib-map.release.xcconfig */ = {isa = PBXFileReference; includeInIndex = 1; lastKnownFileType = text.xcconfig; name = "Pods-velib-map.release.xcconfig"; path = "Pods/Target Support Files/Pods-velib-map/Pods-velib-map.release.xcconfig"; sourceTree = "<group>"; };
/* End PBXFileReference section */

/* Begin PBXFrameworksBuildPhase section */
		E94D2B9322DB94AB00A80A76 /* Frameworks */ = {
			isa = PBXFrameworksBuildPhase;
			buildActionMask = 2147483647;
			files = (
				EE1662C48282059EFFC2F4A7 /* Pods_velib_mapTests.framework in Frameworks */,
			);
			runOnlyForDeploymentPostprocessing = 0;
		};
		EBA372F21EA3A0CC00E214DD /* Frameworks */ = {
			isa = PBXFrameworksBuildPhase;
			buildActionMask = 2147483647;
			files = (
				E9B4AE03289EEF1000260AEC /* ComposableArchitecture in Frameworks */,
				ECE4F335AE599A31397EF909 /* Pods_velib_map.framework in Frameworks */,
			);
			runOnlyForDeploymentPostprocessing = 0;
		};
/* End PBXFrameworksBuildPhase section */

/* Begin PBXGroup section */
		45F125794AA96C2A4D3B6D5B /* Frameworks */ = {
			isa = PBXGroup;
			children = (
				E9F9715F2802D73600D1DAA8 /* Alamofire.framework */,
				E9F9715D2802D72500D1DAA8 /* Moya.framework */,
				3C18E88C379F1440D3F3D185 /* Pods_velib_map.framework */,
				A25D1DC61D66E5008F79A8B8 /* Pods_velib_mapTests.framework */,
				E9C2FF2D23DCA86800FFCDBD /* NotificationCenter.framework */,
			);
			name = Frameworks;
			sourceTree = "<group>";
		};
		680088FA8F458C29EE8BAF70 /* Pods */ = {
			isa = PBXGroup;
			children = (
				2413D55EBACB8020A6DB241A /* Pods-velib-map.debug.xcconfig */,
				FD0FBAEF8A1323275B26288F /* Pods-velib-map.release.xcconfig */,
				4B7BC9EA316703AE564588F1 /* Pods-velib-mapTests.debug.xcconfig */,
				23F9D0956B9A51CC3B1DDDCA /* Pods-velib-mapTests.release.xcconfig */,
			);
			name = Pods;
			sourceTree = "<group>";
		};
		E92E46C0289FC26F0067DA0A /* UserDefaultsClient */ = {
			isa = PBXGroup;
			children = (
				E92E46C1289FC26F0067DA0A /* Mocks.swift */,
				E92E46C2289FC26F0067DA0A /* Live.swift */,
				E92E46C3289FC26F0067DA0A /* Interface.swift */,
			);
			path = UserDefaultsClient;
			sourceTree = "<group>";
		};
		E946A9EE2801F8BC00F92C00 /* domain */ = {
			isa = PBXGroup;
			children = (
				E946A9EF2801F8D100F92C00 /* GetAllStationsUseCaseTests.swift */,
				E9E961022801FE0800C42BD6 /* GetSpecificStationsUseCaseTests.swift */,
				E9E961042801FEDC00C42BD6 /* GetMapStyleUseCaseTests.swift */,
				E9E961062801FF7800C42BD6 /* SetMapStyleUseCaseTests.swift */,
				E9E961082802178100C42BD6 /* IsFavoriteStationUseCaseTests.swift */,
				E9E9610A2802181D00C42BD6 /* AddFavoriteStationUseCaseTests.swift */,
				E9E9610C2802188700C42BD6 /* RemoveFavoriteStationUseCaseTests.swift */,
				E9E9610E280218DE00C42BD6 /* GetNumberOfFavoriteStationUseCaseTests.swift */,
				E9E961102802195600C42BD6 /* GetFavoriteStationsIdsTests.swift */,
			);
			path = domain;
			sourceTree = "<group>";
		};
		E94D2B9722DB94AB00A80A76 /* velib-mapTests */ = {
			isa = PBXGroup;
			children = (
				E94D2BA122DB956900A80A76 /* GeneratedMocks.swift */,
				E94D2B9A22DB94AB00A80A76 /* Info.plist */,
				E9E9611228021A4400C42BD6 /* data */,
				E946A9EE2801F8BC00F92C00 /* domain */,
				E94D2BA522DB963100A80A76 /* fixtures */,
			);
			path = "velib-mapTests";
			sourceTree = "<group>";
		};
		E94D2BA522DB963100A80A76 /* fixtures */ = {
			isa = PBXGroup;
			children = (
				E9F1DD81265037BE003858AE /* StubFixtures.swift */,
			);
			path = fixtures;
			sourceTree = "<group>";
		};
		E9B4AE05289EEF8000260AEC /* TCA */ = {
			isa = PBXGroup;
			children = (
				E92E46C0289FC26F0067DA0A /* UserDefaultsClient */,
				E9B4AE08289EF01D00260AEC /* SettingsView.swift */,
				E98B1AFD289FFE4800056BCE /* DetailsView.swift */,
				E93163DA28A6D6A60019459F /* FavoriteListView.swift */,
				E9EC31EC28A78E2E006DB23A /* FavoriteEmptyCell.swift */,
				E9EC31EE28A794AB006DB23A /* FavoriteCell.swift */,
				E98B1AFF28A021E800056BCE /* App.swift */,
				E93163DC28A6DD9C0019459F /* ApiClient.swift */,
			);
			path = TCA;
			sourceTree = "<group>";
		};
		E9C2FF1323CE25AD00FFCDBD /* di */ = {
			isa = PBXGroup;
			children = (
				E9C2FF1423CE25F200FFCDBD /* AppComponent.swift */,
				E9C2FF1623CE266C00FFCDBD /* AppAssembly.swift */,
				E9E7CBB1277CDA0100E1EB4A /* DataSourceAssembly.swift */,
				E9C2FF1823CE26A900FFCDBD /* PresenterAssembly.swift */,
				E9E7CBAF277CD97900E1EB4A /* UseCaseAssembly.swift */,
				E9C2FF1A23CE26DD00FFCDBD /* RepositoryAssembly.swift */,
				E9E7CBED277DB07A00E1EB4A /* RouterAssembly.swift */,
			);
			name = di;
			sourceTree = "<group>";
		};
		E9E7CB97277CD59D00E1EB4A /* data */ = {
			isa = PBXGroup;
			children = (
				E9E7CBC7277D0FD800E1EB4A /* models */,
				E9E7CB9B277CD64400E1EB4A /* repositories */,
				E9E7CB98277CD5A600E1EB4A /* datasources */,
				E9E7CBEF277DBA5800E1EB4A /* network */,
				E9E7CBE8277DAE3400E1EB4A /* router */,
			);
			name = data;
			sourceTree = "<group>";
		};
		E9E7CB98277CD5A600E1EB4A /* datasources */ = {
			isa = PBXGroup;
			children = (
				E9E7CBA9277CD8CD00E1EB4A /* FavoriteLocalDataSource.swift */,
				E9E7CBAA277CD8CD00E1EB4A /* StationRemoteDataSource.swift */,
			);
			name = datasources;
			sourceTree = "<group>";
		};
		E9E7CB9B277CD64400E1EB4A /* repositories */ = {
			isa = PBXGroup;
			children = (
				E9E7CBA7277CD8C000E1EB4A /* StationRepository.swift */,
				E9E7CBB5277CDB4300E1EB4A /* MapRepository.swift */,
			);
			name = repositories;
			sourceTree = "<group>";
		};
		E9E7CBA0277CD7F500E1EB4A /* domain */ = {
			isa = PBXGroup;
			children = (
				E9E7CBCA277D10A300E1EB4A /* models */,
				E9E7CBA1277CD7FB00E1EB4A /* usecases */,
			);
			name = domain;
			sourceTree = "<group>";
		};
		E9E7CBA1277CD7FB00E1EB4A /* usecases */ = {
			isa = PBXGroup;
			children = (
				E9E7CBAD277CD8EA00E1EB4A /* GetAllStationsUseCase.swift */,
				E9E7CBC1277D0BAE00E1EB4A /* GetSpecificStationsUseCase.swift */,
				E9E7CBB3277CDAFC00E1EB4A /* GetMapStyleUseCase.swift */,
				E9E7CBC5277D0DBF00E1EB4A /* SetMapStyleUseCase.swift */,
				E9E7CBB7277CDE5600E1EB4A /* IsFavoriteStationUseCase.swift */,
				E9E7CBBB277CE75800E1EB4A /* AddFavoriteStationUseCase.swift */,
				E9E7CBBD277CE7D800E1EB4A /* RemoveFavoriteStationUseCase.swift */,
				E9E7CBBF277CE88200E1EB4A /* GetNumberOfFavoriteStationsUseCase.swift */,
				E9E7CBC3277D0C7800E1EB4A /* GetFavoriteStationsIds.swift */,
			);
			name = usecases;
			sourceTree = "<group>";
		};
		E9E7CBC7277D0FD800E1EB4A /* models */ = {
			isa = PBXGroup;
			children = (
				E9E7CBF3277DC6B400E1EB4A /* APIError.swift */,
				E9E7CBF2277DC6B400E1EB4A /* FetchStationObjectResponse.swift */,
				E9E7CBF4277DC6B400E1EB4A /* MapStyle.swift */,
				E9E7CBC8277D0FF500E1EB4A /* StationResponse.swift */,
				E9E7CBCD277D11A900E1EB4A /* DomainModelConvertible.swift */,
			);
			name = models;
			sourceTree = "<group>";
		};
		E9E7CBCA277D10A300E1EB4A /* models */ = {
			isa = PBXGroup;
			children = (
				E9E7CBCB277D10B700E1EB4A /* DomainStation.swift */,
			);
			name = models;
			sourceTree = "<group>";
		};
		E9E7CBCF277D14C200E1EB4A /* app */ = {
			isa = PBXGroup;
			children = (
				E9E7CBD1277D14C200E1EB4A /* models */,
				E9E7CBD0277D14C200E1EB4A /* ui */,
				E9E7CBD3277D14C200E1EB4A /* presenters */,
			);
			path = app;
			sourceTree = "<group>";
		};
		E9E7CBD0277D14C200E1EB4A /* ui */ = {
			isa = PBXGroup;
			children = (
				E9E7CBE0277D14EF00E1EB4A /* cells */,
				E9E7CBE2277D14EF00E1EB4A /* DetailsViewController.swift */,
				E92E46BC289FBACC0067DA0A /* TabBarController.swift */,
				E9E7CBDF277D14EF00E1EB4A /* FavoriteTableViewController.swift */,
				E9E7CBDE277D14EF00E1EB4A /* MapViewController.swift */,
				E9E7CBDD277D14EF00E1EB4A /* SettingsViewController.swift */,
			);
			path = ui;
			sourceTree = "<group>";
		};
		E9E7CBD1277D14C200E1EB4A /* models */ = {
			isa = PBXGroup;
			children = (
				E9E7CBD2277D14C200E1EB4A /* UIStation.swift */,
			);
			path = models;
			sourceTree = "<group>";
		};
		E9E7CBD3277D14C200E1EB4A /* presenters */ = {
			isa = PBXGroup;
			children = (
				E9E7CBD4277D14C200E1EB4A /* DetailsPresenter.swift */,
				E9E7CBD5277D14C200E1EB4A /* MapPresenter.swift */,
				E9E7CBD6277D14C200E1EB4A /* FavoritePresenter.swift */,
				E9E7CBD7277D14C200E1EB4A /* SettingsPresenter.swift */,
			);
			path = presenters;
			sourceTree = "<group>";
		};
		E9E7CBE0277D14EF00E1EB4A /* cells */ = {
			isa = PBXGroup;
			children = (
				E9E7CBE1277D14EF00E1EB4A /* FavoriteTableViewCell.swift */,
			);
			path = cells;
			sourceTree = "<group>";
		};
		E9E7CBE8277DAE3400E1EB4A /* router */ = {
			isa = PBXGroup;
			children = (
				E9E7CBEB277DAE7400E1EB4A /* StationRouter.swift */,
			);
			name = router;
			sourceTree = "<group>";
		};
		E9E7CBEF277DBA5800E1EB4A /* network */ = {
			isa = PBXGroup;
			children = (
				E9E7CBF0277DBA7E00E1EB4A /* MoyaProviderExtensions.swift */,
			);
			name = network;
			sourceTree = "<group>";
		};
		E9E9611228021A4400C42BD6 /* data */ = {
			isa = PBXGroup;
			children = (
				E9E961182802227C00C42BD6 /* datssources */,
				E9E9611328021A4D00C42BD6 /* repositories */,
				E9F9715A2802D52400D1DAA8 /* router */,
			);
			path = data;
			sourceTree = "<group>";
		};
		E9E9611328021A4D00C42BD6 /* repositories */ = {
			isa = PBXGroup;
			children = (
				E9E9611428021A6000C42BD6 /* StationRepositoryTests.swift */,
				E9E9611628021DC800C42BD6 /* MapRepositoryTests.swift */,
			);
			path = repositories;
			sourceTree = "<group>";
		};
		E9E961182802227C00C42BD6 /* datssources */ = {
			isa = PBXGroup;
			children = (
				E9E961192802229000C42BD6 /* FavoriteLocalDataSourceTests.swift */,
			);
			path = datssources;
			sourceTree = "<group>";
		};
		E9F9715A2802D52400D1DAA8 /* router */ = {
			isa = PBXGroup;
			children = (
				E9F9715B2802D53900D1DAA8 /* StationRouterTests.swift */,
			);
			path = router;
			sourceTree = "<group>";
		};
		EB1FFF0820A72A8F00AA9F79 /* utils */ = {
			isa = PBXGroup;
			children = (
				EBC4DFF720B0332300E5966C /* Constants.swift */,
				EBADFBBC20B0798A0012909E /* Loadable.swift */,
				EBADFBBD20B0798A0012909E /* PopupManager.swift */,
			);
			name = utils;
			sourceTree = "<group>";
		};
		EB54F9B520B07595008221A0 /* SupportingFiles */ = {
			isa = PBXGroup;
			children = (
				EBA372FC1EA3A0CC00E214DD /* Main.storyboard */,
				EBA372FF1EA3A0CC00E214DD /* Assets.xcassets */,
				EBA373011EA3A0CC00E214DD /* LaunchScreen.storyboard */,
				EBADFBC120B079B60012909E /* AppDelegate.swift */,
				EBADFBD220B080A20012909E /* Info.plist */,
			);
			name = SupportingFiles;
			sourceTree = "<group>";
		};
		EBA372EC1EA3A0CC00E214DD = {
			isa = PBXGroup;
			children = (
				EBA372F71EA3A0CC00E214DD /* velib-map */,
				E94D2B9722DB94AB00A80A76 /* velib-mapTests */,
				EBA372F61EA3A0CC00E214DD /* Products */,
				680088FA8F458C29EE8BAF70 /* Pods */,
				45F125794AA96C2A4D3B6D5B /* Frameworks */,
			);
			sourceTree = "<group>";
		};
		EBA372F61EA3A0CC00E214DD /* Products */ = {
			isa = PBXGroup;
			children = (
				EBA372F51EA3A0CC00E214DD /* velib-map.app */,
				E94D2B9622DB94AB00A80A76 /* velib-mapTests.xctest */,
			);
			name = Products;
			sourceTree = "<group>";
		};
		EBA372F71EA3A0CC00E214DD /* velib-map */ = {
			isa = PBXGroup;
			children = (
				E9B4AE05289EEF8000260AEC /* TCA */,
				E9C2FF3D23DCAA6200FFCDBD /* velib-map.entitlements */,
				E9C2FF1323CE25AD00FFCDBD /* di */,
				E9E7CBCF277D14C200E1EB4A /* app */,
				E9E7CBA0277CD7F500E1EB4A /* domain */,
				E9E7CB97277CD59D00E1EB4A /* data */,
				EB1FFF0820A72A8F00AA9F79 /* utils */,
				EB54F9B520B07595008221A0 /* SupportingFiles */,
			);
			path = "velib-map";
			sourceTree = "<group>";
		};
/* End PBXGroup section */

/* Begin PBXNativeTarget section */
		E94D2B9522DB94AB00A80A76 /* velib-mapTests */ = {
			isa = PBXNativeTarget;
			buildConfigurationList = E94D2B9F22DB94AB00A80A76 /* Build configuration list for PBXNativeTarget "velib-mapTests" */;
			buildPhases = (
				46EB20230320C47A5B222D37 /* [CP] Check Pods Manifest.lock */,
				E946A9ED2801F83200F92C00 /* Cuckoo */,
				E94D2B9222DB94AB00A80A76 /* Sources */,
				E94D2B9322DB94AB00A80A76 /* Frameworks */,
				E94D2B9422DB94AB00A80A76 /* Resources */,
				57C3618FE8DC2659F21925CD /* [CP] Embed Pods Frameworks */,
			);
			buildRules = (
			);
			dependencies = (
				E94D2B9C22DB94AB00A80A76 /* PBXTargetDependency */,
			);
			name = "velib-mapTests";
			productName = "velib-mapTests";
			productReference = E94D2B9622DB94AB00A80A76 /* velib-mapTests.xctest */;
			productType = "com.apple.product-type.bundle.unit-test";
		};
		EBA372F41EA3A0CC00E214DD /* velib-map */ = {
			isa = PBXNativeTarget;
			buildConfigurationList = EBA373071EA3A0CC00E214DD /* Build configuration list for PBXNativeTarget "velib-map" */;
			buildPhases = (
				AAD3180426B869ED8A3F3B13 /* [CP] Check Pods Manifest.lock */,
				EBA372F11EA3A0CC00E214DD /* Sources */,
				EBA372F21EA3A0CC00E214DD /* Frameworks */,
				EBA372F31EA3A0CC00E214DD /* Resources */,
				31C752DC11AE40A94B521CDD /* [CP] Embed Pods Frameworks */,
				EB11657120A6DAF40086F8D7 /* SwiftLint */,
				E9C2FF3923DCA86800FFCDBD /* Embed App Extensions */,
			);
			buildRules = (
			);
			dependencies = (
			);
			name = "velib-map";
			packageProductDependencies = (
				E9B4AE02289EEF1000260AEC /* ComposableArchitecture */,
			);
			productName = "velib-map";
			productReference = EBA372F51EA3A0CC00E214DD /* velib-map.app */;
			productType = "com.apple.product-type.application";
		};
/* End PBXNativeTarget section */

/* Begin PBXProject section */
		EBA372ED1EA3A0CC00E214DD /* Project object */ = {
			isa = PBXProject;
			attributes = {
				LastSwiftUpdateCheck = 1130;
				LastUpgradeCheck = 1250;
				ORGANIZATIONNAME = "Thomas Guilleminot";
				TargetAttributes = {
					E94D2B9522DB94AB00A80A76 = {
						CreatedOnToolsVersion = 10.2.1;
						DevelopmentTeam = XDX42S5M9N;
						ProvisioningStyle = Automatic;
						TestTargetID = EBA372F41EA3A0CC00E214DD;
					};
					EBA372F41EA3A0CC00E214DD = {
						CreatedOnToolsVersion = 8.3.1;
						DevelopmentTeam = XDX42S5M9N;
						LastSwiftMigration = 0930;
						ProvisioningStyle = Manual;
					};
				};
			};
			buildConfigurationList = EBA372F01EA3A0CC00E214DD /* Build configuration list for PBXProject "velib-map" */;
			compatibilityVersion = "Xcode 3.2";
			developmentRegion = en;
			hasScannedForEncodings = 0;
			knownRegions = (
				en,
				Base,
			);
			mainGroup = EBA372EC1EA3A0CC00E214DD;
			packageReferences = (
				E9B4AE01289EEF1000260AEC /* XCRemoteSwiftPackageReference "swift-composable-architecture" */,
			);
			productRefGroup = EBA372F61EA3A0CC00E214DD /* Products */;
			projectDirPath = "";
			projectRoot = "";
			targets = (
				EBA372F41EA3A0CC00E214DD /* velib-map */,
				E94D2B9522DB94AB00A80A76 /* velib-mapTests */,
			);
		};
/* End PBXProject section */

/* Begin PBXResourcesBuildPhase section */
		E94D2B9422DB94AB00A80A76 /* Resources */ = {
			isa = PBXResourcesBuildPhase;
			buildActionMask = 2147483647;
			files = (
			);
			runOnlyForDeploymentPostprocessing = 0;
		};
		EBA372F31EA3A0CC00E214DD /* Resources */ = {
			isa = PBXResourcesBuildPhase;
			buildActionMask = 2147483647;
			files = (
				EBA373031EA3A0CC00E214DD /* LaunchScreen.storyboard in Resources */,
				EBA373001EA3A0CC00E214DD /* Assets.xcassets in Resources */,
				EBA372FE1EA3A0CC00E214DD /* Main.storyboard in Resources */,
			);
			runOnlyForDeploymentPostprocessing = 0;
		};
/* End PBXResourcesBuildPhase section */

/* Begin PBXShellScriptBuildPhase section */
		31C752DC11AE40A94B521CDD /* [CP] Embed Pods Frameworks */ = {
			isa = PBXShellScriptBuildPhase;
			buildActionMask = 2147483647;
			files = (
			);
			inputPaths = (
				"${PODS_ROOT}/Target Support Files/Pods-velib-map/Pods-velib-map-frameworks.sh",
				"${BUILT_PRODUCTS_DIR}/Keys-framework/Keys.framework",
				"${BUILT_PRODUCTS_DIR}/Alamofire/Alamofire.framework",
				"${BUILT_PRODUCTS_DIR}/Bugsnag/Bugsnag.framework",
				"${BUILT_PRODUCTS_DIR}/Moya/Moya.framework",
				"${BUILT_PRODUCTS_DIR}/SVProgressHUD/SVProgressHUD.framework",
				"${BUILT_PRODUCTS_DIR}/Swinject/Swinject.framework",
				"${BUILT_PRODUCTS_DIR}/ZLogger/ZLogger.framework",
			);
			name = "[CP] Embed Pods Frameworks";
			outputPaths = (
				"${TARGET_BUILD_DIR}/${FRAMEWORKS_FOLDER_PATH}/Keys.framework",
				"${TARGET_BUILD_DIR}/${FRAMEWORKS_FOLDER_PATH}/Alamofire.framework",
				"${TARGET_BUILD_DIR}/${FRAMEWORKS_FOLDER_PATH}/Bugsnag.framework",
				"${TARGET_BUILD_DIR}/${FRAMEWORKS_FOLDER_PATH}/Moya.framework",
				"${TARGET_BUILD_DIR}/${FRAMEWORKS_FOLDER_PATH}/SVProgressHUD.framework",
				"${TARGET_BUILD_DIR}/${FRAMEWORKS_FOLDER_PATH}/Swinject.framework",
				"${TARGET_BUILD_DIR}/${FRAMEWORKS_FOLDER_PATH}/ZLogger.framework",
			);
			runOnlyForDeploymentPostprocessing = 0;
			shellPath = /bin/sh;
			shellScript = "\"${PODS_ROOT}/Target Support Files/Pods-velib-map/Pods-velib-map-frameworks.sh\"\n";
			showEnvVarsInLog = 0;
		};
		46EB20230320C47A5B222D37 /* [CP] Check Pods Manifest.lock */ = {
			isa = PBXShellScriptBuildPhase;
			buildActionMask = 2147483647;
			files = (
			);
			inputFileListPaths = (
			);
			inputPaths = (
				"${PODS_PODFILE_DIR_PATH}/Podfile.lock",
				"${PODS_ROOT}/Manifest.lock",
			);
			name = "[CP] Check Pods Manifest.lock";
			outputFileListPaths = (
			);
			outputPaths = (
				"$(DERIVED_FILE_DIR)/Pods-velib-mapTests-checkManifestLockResult.txt",
			);
			runOnlyForDeploymentPostprocessing = 0;
			shellPath = /bin/sh;
			shellScript = "diff \"${PODS_PODFILE_DIR_PATH}/Podfile.lock\" \"${PODS_ROOT}/Manifest.lock\" > /dev/null\nif [ $? != 0 ] ; then\n    # print error to STDERR\n    echo \"error: The sandbox is not in sync with the Podfile.lock. Run 'pod install' or update your CocoaPods installation.\" >&2\n    exit 1\nfi\n# This output is used by Xcode 'outputs' to avoid re-running this script phase.\necho \"SUCCESS\" > \"${SCRIPT_OUTPUT_FILE_0}\"\n";
			showEnvVarsInLog = 0;
		};
		57C3618FE8DC2659F21925CD /* [CP] Embed Pods Frameworks */ = {
			isa = PBXShellScriptBuildPhase;
			buildActionMask = 2147483647;
			files = (
			);
			inputPaths = (
				"${PODS_ROOT}/Target Support Files/Pods-velib-mapTests/Pods-velib-mapTests-frameworks.sh",
				"${BUILT_PRODUCTS_DIR}/Keys-framework/Keys.framework",
				"${BUILT_PRODUCTS_DIR}/Cuckoo/Cuckoo.framework",
			);
			name = "[CP] Embed Pods Frameworks";
			outputPaths = (
				"${TARGET_BUILD_DIR}/${FRAMEWORKS_FOLDER_PATH}/Keys.framework",
				"${TARGET_BUILD_DIR}/${FRAMEWORKS_FOLDER_PATH}/Cuckoo.framework",
			);
			runOnlyForDeploymentPostprocessing = 0;
			shellPath = /bin/sh;
			shellScript = "\"${PODS_ROOT}/Target Support Files/Pods-velib-mapTests/Pods-velib-mapTests-frameworks.sh\"\n";
			showEnvVarsInLog = 0;
		};
		AAD3180426B869ED8A3F3B13 /* [CP] Check Pods Manifest.lock */ = {
			isa = PBXShellScriptBuildPhase;
			buildActionMask = 2147483647;
			files = (
			);
			inputPaths = (
				"${PODS_PODFILE_DIR_PATH}/Podfile.lock",
				"${PODS_ROOT}/Manifest.lock",
			);
			name = "[CP] Check Pods Manifest.lock";
			outputPaths = (
				"$(DERIVED_FILE_DIR)/Pods-velib-map-checkManifestLockResult.txt",
			);
			runOnlyForDeploymentPostprocessing = 0;
			shellPath = /bin/sh;
			shellScript = "diff \"${PODS_PODFILE_DIR_PATH}/Podfile.lock\" \"${PODS_ROOT}/Manifest.lock\" > /dev/null\nif [ $? != 0 ] ; then\n    # print error to STDERR\n    echo \"error: The sandbox is not in sync with the Podfile.lock. Run 'pod install' or update your CocoaPods installation.\" >&2\n    exit 1\nfi\n# This output is used by Xcode 'outputs' to avoid re-running this script phase.\necho \"SUCCESS\" > \"${SCRIPT_OUTPUT_FILE_0}\"\n";
			showEnvVarsInLog = 0;
		};
		E946A9ED2801F83200F92C00 /* Cuckoo */ = {
			isa = PBXShellScriptBuildPhase;
			alwaysOutOfDate = 1;
			buildActionMask = 2147483647;
			files = (
			);
			inputFileListPaths = (
			);
			inputPaths = (
			);
			name = Cuckoo;
			outputFileListPaths = (
			);
			outputPaths = (
				"$(PROJECT_DIR)/velib-mapTests/GeneratedMocks.swift",
			);
			runOnlyForDeploymentPostprocessing = 0;
			shellPath = /bin/sh;
			shellScript = "# Define output file. Change \"$PROJECT_DIR/Tests\" to your test's root source folder, if it's not the default name.\nOUTPUT_FILE=\"$PROJECT_DIR/velib-mapTests/GeneratedMocks.swift\"\necho \"Generated Mocks File = $OUTPUT_FILE\"\n\n# Define input directory. Change \"$PROJECT_DIR\" to your project's root source folder, if it's not the default name.\nINPUT_DIR=\"$PROJECT_DIR\"\necho \"Mocks Input Directory = $INPUT_DIR\"\n\n# Generate mock files, include as many input files as you'd like to create mocks for.\n${PODS_ROOT}/Cuckoo/run generate --testable \"$PROJECT_NAME\" \\\n--output \"${OUTPUT_FILE}\" \\\n\"$INPUT_DIR/velib-map/data/repositories/StationRepository.swift\" \\\n\"$INPUT_DIR/velib-map/data/repositories/MapRepository.swift\" \\\n\"$INPUT_DIR/velib-map/data/datasources/StationRemoteDataSource.swift\" \\\n\"$INPUT_DIR/velib-map/data/datasources/FavoriteLocalDataSource.swift\" \\\n\"$INPUT_DIR/velib-map/Utils/Loadable.swift\" --exclude \"TaskExecutable\" \\\n\n\n# ... and so forth\n\n# After running once, locate `GeneratedMocks.swift` and drag it into your Xcode test target group.\n\n";
		};
		EB11657120A6DAF40086F8D7 /* SwiftLint */ = {
			isa = PBXShellScriptBuildPhase;
			buildActionMask = 2147483647;
			files = (
			);
			inputPaths = (
			);
			name = SwiftLint;
			outputPaths = (
			);
			runOnlyForDeploymentPostprocessing = 0;
			shellPath = /bin/sh;
			shellScript = "\"${PODS_ROOT}/SwiftLint/swiftlint\"";
		};
/* End PBXShellScriptBuildPhase section */

/* Begin PBXSourcesBuildPhase section */
		E94D2B9222DB94AB00A80A76 /* Sources */ = {
			isa = PBXSourcesBuildPhase;
			buildActionMask = 2147483647;
			files = (
				E946A9F02801F8D100F92C00 /* GetAllStationsUseCaseTests.swift in Sources */,
				E94D2BA222DB956900A80A76 /* GeneratedMocks.swift in Sources */,
				E9E961032801FE0800C42BD6 /* GetSpecificStationsUseCaseTests.swift in Sources */,
				E9E9610B2802181D00C42BD6 /* AddFavoriteStationUseCaseTests.swift in Sources */,
				E9E9610F280218DE00C42BD6 /* GetNumberOfFavoriteStationUseCaseTests.swift in Sources */,
				E9F9715C2802D53900D1DAA8 /* StationRouterTests.swift in Sources */,
				E9E961072801FF7800C42BD6 /* SetMapStyleUseCaseTests.swift in Sources */,
				E9E9611528021A6000C42BD6 /* StationRepositoryTests.swift in Sources */,
				E9E961092802178100C42BD6 /* IsFavoriteStationUseCaseTests.swift in Sources */,
				E9E9611728021DC800C42BD6 /* MapRepositoryTests.swift in Sources */,
				E9E9611A2802229000C42BD6 /* FavoriteLocalDataSourceTests.swift in Sources */,
				E9E9610D2802188700C42BD6 /* RemoveFavoriteStationUseCaseTests.swift in Sources */,
				E9E961112802195600C42BD6 /* GetFavoriteStationsIdsTests.swift in Sources */,
				E9E961052801FEDC00C42BD6 /* GetMapStyleUseCaseTests.swift in Sources */,
			);
			runOnlyForDeploymentPostprocessing = 0;
		};
		EBA372F11EA3A0CC00E214DD /* Sources */ = {
			isa = PBXSourcesBuildPhase;
			buildActionMask = 2147483647;
			files = (
				E9E7CBB0277CD97900E1EB4A /* UseCaseAssembly.swift in Sources */,
				EBADFBC320B079B60012909E /* AppDelegate.swift in Sources */,
				E9C2FF1B23CE26DD00FFCDBD /* RepositoryAssembly.swift in Sources */,
				E9E7CBE5277D14EF00E1EB4A /* FavoriteTableViewController.swift in Sources */,
				E9E7CBEC277DAE7400E1EB4A /* StationRouter.swift in Sources */,
				E9E7CBC0277CE88200E1EB4A /* GetNumberOfFavoriteStationsUseCase.swift in Sources */,
				E9E7CBF1277DBA7E00E1EB4A /* MoyaProviderExtensions.swift in Sources */,
				E9E7CBB6277CDB4300E1EB4A /* MapRepository.swift in Sources */,
				E9E7CBE3277D14EF00E1EB4A /* SettingsViewController.swift in Sources */,
				E92E46C6289FC26F0067DA0A /* Interface.swift in Sources */,
				E9C2FF1723CE266C00FFCDBD /* AppAssembly.swift in Sources */,
				EBC4DFF820B0332300E5966C /* Constants.swift in Sources */,
				E9C2FF1523CE25F200FFCDBD /* AppComponent.swift in Sources */,
				E9B4AE09289EF01D00260AEC /* SettingsView.swift in Sources */,
				E92E46BD289FBACC0067DA0A /* TabBarController.swift in Sources */,
				E92E46C4289FC26F0067DA0A /* Mocks.swift in Sources */,
				E93163DB28A6D6A60019459F /* FavoriteListView.swift in Sources */,
				E9E7CBE4277D14EF00E1EB4A /* MapViewController.swift in Sources */,
				E9E7CBC9277D0FF500E1EB4A /* StationResponse.swift in Sources */,
				E9E7CBCE277D11A900E1EB4A /* DomainModelConvertible.swift in Sources */,
				E9E7CBA8277CD8C000E1EB4A /* StationRepository.swift in Sources */,
				E9E7CBAB277CD8CD00E1EB4A /* FavoriteLocalDataSource.swift in Sources */,
				E9EC31EF28A794AB006DB23A /* FavoriteCell.swift in Sources */,
				E9E7CBC2277D0BAE00E1EB4A /* GetSpecificStationsUseCase.swift in Sources */,
				E9E7CBF6277DC6B400E1EB4A /* APIError.swift in Sources */,
				E9E7CBEE277DB07A00E1EB4A /* RouterAssembly.swift in Sources */,
				E9E7CBE6277D14EF00E1EB4A /* FavoriteTableViewCell.swift in Sources */,
				E9E7CBAC277CD8CD00E1EB4A /* StationRemoteDataSource.swift in Sources */,
				E98B1B0028A021E800056BCE /* App.swift in Sources */,
				E92E46C5289FC26F0067DA0A /* Live.swift in Sources */,
				E9E7CBAE277CD8EA00E1EB4A /* GetAllStationsUseCase.swift in Sources */,
				E9E7CBDA277D14C300E1EB4A /* MapPresenter.swift in Sources */,
				E98B1AFE289FFE4800056BCE /* DetailsView.swift in Sources */,
				E9E7CBBE277CE7D800E1EB4A /* RemoveFavoriteStationUseCase.swift in Sources */,
				E9E7CBD9277D14C300E1EB4A /* DetailsPresenter.swift in Sources */,
				E9E7CBD8277D14C300E1EB4A /* UIStation.swift in Sources */,
				E9E7CBE7277D14EF00E1EB4A /* DetailsViewController.swift in Sources */,
				E9E7CBBC277CE75800E1EB4A /* AddFavoriteStationUseCase.swift in Sources */,
				E9E7CBB4277CDAFC00E1EB4A /* GetMapStyleUseCase.swift in Sources */,
				E93163DD28A6DD9C0019459F /* ApiClient.swift in Sources */,
				E9E7CBB8277CDE5600E1EB4A /* IsFavoriteStationUseCase.swift in Sources */,
				E9E7CBC4277D0C7800E1EB4A /* GetFavoriteStationsIds.swift in Sources */,
				E9E7CBC6277D0DBF00E1EB4A /* SetMapStyleUseCase.swift in Sources */,
				EBADFBBE20B0798A0012909E /* Loadable.swift in Sources */,
				E9E7CBDB277D14C300E1EB4A /* FavoritePresenter.swift in Sources */,
				E9C2FF1923CE26A900FFCDBD /* PresenterAssembly.swift in Sources */,
				E9EC31ED28A78E2E006DB23A /* FavoriteEmptyCell.swift in Sources */,
				E9E7CBF7277DC6B400E1EB4A /* MapStyle.swift in Sources */,
				E9E7CBCC277D10B700E1EB4A /* DomainStation.swift in Sources */,
				E9E7CBB2277CDA0100E1EB4A /* DataSourceAssembly.swift in Sources */,
				EBADFBBF20B0798A0012909E /* PopupManager.swift in Sources */,
				E9E7CBDC277D14C300E1EB4A /* SettingsPresenter.swift in Sources */,
				E9E7CBF5277DC6B400E1EB4A /* FetchStationObjectResponse.swift in Sources */,
			);
			runOnlyForDeploymentPostprocessing = 0;
		};
/* End PBXSourcesBuildPhase section */

/* Begin PBXTargetDependency section */
		E94D2B9C22DB94AB00A80A76 /* PBXTargetDependency */ = {
			isa = PBXTargetDependency;
			target = EBA372F41EA3A0CC00E214DD /* velib-map */;
			targetProxy = E94D2B9B22DB94AB00A80A76 /* PBXContainerItemProxy */;
		};
/* End PBXTargetDependency section */

/* Begin PBXVariantGroup section */
		EBA372FC1EA3A0CC00E214DD /* Main.storyboard */ = {
			isa = PBXVariantGroup;
			children = (
				EBA372FD1EA3A0CC00E214DD /* Base */,
			);
			name = Main.storyboard;
			sourceTree = "<group>";
		};
		EBA373011EA3A0CC00E214DD /* LaunchScreen.storyboard */ = {
			isa = PBXVariantGroup;
			children = (
				EBA373021EA3A0CC00E214DD /* Base */,
			);
			name = LaunchScreen.storyboard;
			sourceTree = "<group>";
		};
/* End PBXVariantGroup section */

/* Begin XCBuildConfiguration section */
		E94D2B9D22DB94AB00A80A76 /* Debug */ = {
			isa = XCBuildConfiguration;
			baseConfigurationReference = 4B7BC9EA316703AE564588F1 /* Pods-velib-mapTests.debug.xcconfig */;
			buildSettings = {
				BUNDLE_LOADER = "$(TEST_HOST)";
				CLANG_CXX_LANGUAGE_STANDARD = "gnu++14";
				CLANG_ENABLE_OBJC_WEAK = YES;
				CLANG_WARN_UNGUARDED_AVAILABILITY = YES_AGGRESSIVE;
				CODE_SIGN_IDENTITY = "iPhone Developer";
				CODE_SIGN_STYLE = Automatic;
				DEVELOPMENT_TEAM = XDX42S5M9N;
				EXCLUDED_ARCHS = arm64;
				FRAMEWORK_SEARCH_PATHS = (
					"$(inherited)",
					"\"$(PLATFORM_DIR)/Developer/Library/Frameworks\"",
					"\"${PODS_CONFIGURATION_BUILD_DIR}/Cuckoo\"",
					"\"${PODS_CONFIGURATION_BUILD_DIR}/Keys-framework\"",
					"\"${PODS_CONFIGURATION_BUILD_DIR}/Moya\"",
					"\"${PODS_CONFIGURATION_BUILD_DIR}/Alamofire\"",
				);
				GCC_C_LANGUAGE_STANDARD = gnu11;
				INFOPLIST_FILE = "velib-mapTests/Info.plist";
				IPHONEOS_DEPLOYMENT_TARGET = 13.0;
				LD_RUNPATH_SEARCH_PATHS = (
					"$(inherited)",
					"@executable_path/Frameworks",
					"@loader_path/Frameworks",
				);
				MTL_ENABLE_DEBUG_INFO = INCLUDE_SOURCE;
				MTL_FAST_MATH = YES;
				PRODUCT_BUNDLE_IDENTIFIER = "com.zlatan.velib-mapTests";
				PRODUCT_NAME = "$(TARGET_NAME)";
				SWIFT_VERSION = 5.0;
				TARGETED_DEVICE_FAMILY = "1,2";
				TEST_HOST = "$(BUILT_PRODUCTS_DIR)/velib-map.app/velib-map";
			};
			name = Debug;
		};
		E94D2B9E22DB94AB00A80A76 /* Release */ = {
			isa = XCBuildConfiguration;
			baseConfigurationReference = 23F9D0956B9A51CC3B1DDDCA /* Pods-velib-mapTests.release.xcconfig */;
			buildSettings = {
				BUNDLE_LOADER = "$(TEST_HOST)";
				CLANG_CXX_LANGUAGE_STANDARD = "gnu++14";
				CLANG_ENABLE_OBJC_WEAK = YES;
				CLANG_WARN_UNGUARDED_AVAILABILITY = YES_AGGRESSIVE;
				CODE_SIGN_IDENTITY = "iPhone Developer";
				CODE_SIGN_STYLE = Automatic;
				DEVELOPMENT_TEAM = XDX42S5M9N;
				EXCLUDED_ARCHS = arm64;
				GCC_C_LANGUAGE_STANDARD = gnu11;
				INFOPLIST_FILE = "velib-mapTests/Info.plist";
				IPHONEOS_DEPLOYMENT_TARGET = 13.0;
				LD_RUNPATH_SEARCH_PATHS = (
					"$(inherited)",
					"@executable_path/Frameworks",
					"@loader_path/Frameworks",
				);
				MTL_FAST_MATH = YES;
				PRODUCT_BUNDLE_IDENTIFIER = "com.zlatan.velib-mapTests";
				PRODUCT_NAME = "$(TARGET_NAME)";
				SWIFT_VERSION = 5.0;
				TARGETED_DEVICE_FAMILY = "1,2";
				TEST_HOST = "$(BUILT_PRODUCTS_DIR)/velib-map.app/velib-map";
			};
			name = Release;
		};
		EBA373051EA3A0CC00E214DD /* Debug */ = {
			isa = XCBuildConfiguration;
			buildSettings = {
				ALWAYS_SEARCH_USER_PATHS = NO;
				CLANG_ANALYZER_LOCALIZABILITY_NONLOCALIZED = YES;
				CLANG_ANALYZER_NONNULL = YES;
				CLANG_ANALYZER_NUMBER_OBJECT_CONVERSION = YES_AGGRESSIVE;
				CLANG_CXX_LANGUAGE_STANDARD = "gnu++0x";
				CLANG_CXX_LIBRARY = "libc++";
				CLANG_ENABLE_MODULES = YES;
				CLANG_ENABLE_OBJC_ARC = YES;
				CLANG_WARN_BLOCK_CAPTURE_AUTORELEASING = YES;
				CLANG_WARN_BOOL_CONVERSION = YES;
				CLANG_WARN_COMMA = YES;
				CLANG_WARN_CONSTANT_CONVERSION = YES;
				CLANG_WARN_DEPRECATED_OBJC_IMPLEMENTATIONS = YES;
				CLANG_WARN_DIRECT_OBJC_ISA_USAGE = YES_ERROR;
				CLANG_WARN_DOCUMENTATION_COMMENTS = YES;
				CLANG_WARN_EMPTY_BODY = YES;
				CLANG_WARN_ENUM_CONVERSION = YES;
				CLANG_WARN_INFINITE_RECURSION = YES;
				CLANG_WARN_INT_CONVERSION = YES;
				CLANG_WARN_NON_LITERAL_NULL_CONVERSION = YES;
				CLANG_WARN_OBJC_IMPLICIT_RETAIN_SELF = YES;
				CLANG_WARN_OBJC_LITERAL_CONVERSION = YES;
				CLANG_WARN_OBJC_ROOT_CLASS = YES_ERROR;
				CLANG_WARN_QUOTED_INCLUDE_IN_FRAMEWORK_HEADER = YES;
				CLANG_WARN_RANGE_LOOP_ANALYSIS = YES;
				CLANG_WARN_STRICT_PROTOTYPES = YES;
				CLANG_WARN_SUSPICIOUS_MOVE = YES;
				CLANG_WARN_UNREACHABLE_CODE = YES;
				CLANG_WARN__DUPLICATE_METHOD_MATCH = YES;
				"CODE_SIGN_IDENTITY[sdk=iphoneos*]" = "iPhone Developer";
				COPY_PHASE_STRIP = NO;
				DEBUG_INFORMATION_FORMAT = dwarf;
				ENABLE_STRICT_OBJC_MSGSEND = YES;
				ENABLE_TESTABILITY = YES;
				EXCLUDED_ARCHS = "";
				GCC_C_LANGUAGE_STANDARD = gnu99;
				GCC_DYNAMIC_NO_PIC = NO;
				GCC_NO_COMMON_BLOCKS = YES;
				GCC_OPTIMIZATION_LEVEL = 0;
				GCC_PREPROCESSOR_DEFINITIONS = (
					"DEBUG=1",
					"$(inherited)",
				);
				GCC_WARN_64_TO_32_BIT_CONVERSION = YES;
				GCC_WARN_ABOUT_RETURN_TYPE = YES_ERROR;
				GCC_WARN_UNDECLARED_SELECTOR = YES;
				GCC_WARN_UNINITIALIZED_AUTOS = YES_AGGRESSIVE;
				GCC_WARN_UNUSED_FUNCTION = YES;
				GCC_WARN_UNUSED_VARIABLE = YES;
				IPHONEOS_DEPLOYMENT_TARGET = 13.0;
				MTL_ENABLE_DEBUG_INFO = YES;
				ONLY_ACTIVE_ARCH = YES;
				SDKROOT = iphoneos;
				SWIFT_ACTIVE_COMPILATION_CONDITIONS = DEBUG;
				SWIFT_OPTIMIZATION_LEVEL = "-Onone";
			};
			name = Debug;
		};
		EBA373061EA3A0CC00E214DD /* Release */ = {
			isa = XCBuildConfiguration;
			buildSettings = {
				ALWAYS_SEARCH_USER_PATHS = NO;
				CLANG_ANALYZER_LOCALIZABILITY_NONLOCALIZED = YES;
				CLANG_ANALYZER_NONNULL = YES;
				CLANG_ANALYZER_NUMBER_OBJECT_CONVERSION = YES_AGGRESSIVE;
				CLANG_CXX_LANGUAGE_STANDARD = "gnu++0x";
				CLANG_CXX_LIBRARY = "libc++";
				CLANG_ENABLE_MODULES = YES;
				CLANG_ENABLE_OBJC_ARC = YES;
				CLANG_WARN_BLOCK_CAPTURE_AUTORELEASING = YES;
				CLANG_WARN_BOOL_CONVERSION = YES;
				CLANG_WARN_COMMA = YES;
				CLANG_WARN_CONSTANT_CONVERSION = YES;
				CLANG_WARN_DEPRECATED_OBJC_IMPLEMENTATIONS = YES;
				CLANG_WARN_DIRECT_OBJC_ISA_USAGE = YES_ERROR;
				CLANG_WARN_DOCUMENTATION_COMMENTS = YES;
				CLANG_WARN_EMPTY_BODY = YES;
				CLANG_WARN_ENUM_CONVERSION = YES;
				CLANG_WARN_INFINITE_RECURSION = YES;
				CLANG_WARN_INT_CONVERSION = YES;
				CLANG_WARN_NON_LITERAL_NULL_CONVERSION = YES;
				CLANG_WARN_OBJC_IMPLICIT_RETAIN_SELF = YES;
				CLANG_WARN_OBJC_LITERAL_CONVERSION = YES;
				CLANG_WARN_OBJC_ROOT_CLASS = YES_ERROR;
				CLANG_WARN_QUOTED_INCLUDE_IN_FRAMEWORK_HEADER = YES;
				CLANG_WARN_RANGE_LOOP_ANALYSIS = YES;
				CLANG_WARN_STRICT_PROTOTYPES = YES;
				CLANG_WARN_SUSPICIOUS_MOVE = YES;
				CLANG_WARN_UNREACHABLE_CODE = YES;
				CLANG_WARN__DUPLICATE_METHOD_MATCH = YES;
				"CODE_SIGN_IDENTITY[sdk=iphoneos*]" = "iPhone Developer";
				COPY_PHASE_STRIP = NO;
				DEBUG_INFORMATION_FORMAT = "dwarf-with-dsym";
				ENABLE_NS_ASSERTIONS = NO;
				ENABLE_STRICT_OBJC_MSGSEND = YES;
				EXCLUDED_ARCHS = "";
				GCC_C_LANGUAGE_STANDARD = gnu99;
				GCC_NO_COMMON_BLOCKS = YES;
				GCC_WARN_64_TO_32_BIT_CONVERSION = YES;
				GCC_WARN_ABOUT_RETURN_TYPE = YES_ERROR;
				GCC_WARN_UNDECLARED_SELECTOR = YES;
				GCC_WARN_UNINITIALIZED_AUTOS = YES_AGGRESSIVE;
				GCC_WARN_UNUSED_FUNCTION = YES;
				GCC_WARN_UNUSED_VARIABLE = YES;
				IPHONEOS_DEPLOYMENT_TARGET = 13.0;
				MTL_ENABLE_DEBUG_INFO = NO;
				ONLY_ACTIVE_ARCH = YES;
				SDKROOT = iphoneos;
				SWIFT_COMPILATION_MODE = wholemodule;
				SWIFT_OPTIMIZATION_LEVEL = "-O";
				VALIDATE_PRODUCT = YES;
			};
			name = Release;
		};
		EBA373081EA3A0CC00E214DD /* Debug */ = {
			isa = XCBuildConfiguration;
			baseConfigurationReference = 2413D55EBACB8020A6DB241A /* Pods-velib-map.debug.xcconfig */;
			buildSettings = {
				ALWAYS_EMBED_SWIFT_STANDARD_LIBRARIES = "$(inherited)";
				ASSETCATALOG_COMPILER_APPICON_NAME = AppIcon;
				CODE_SIGN_ENTITLEMENTS = "velib-map/velib-map.entitlements";
				CURRENT_PROJECT_VERSION = 1;
				DEBUG_INFORMATION_FORMAT = "dwarf-with-dsym";
				DEVELOPMENT_TEAM = XDX42S5M9N;
				EXCLUDED_ARCHS = "";
				INFOPLIST_FILE = "$(SRCROOT)/velib-map/SupportingFiles/Info.plist";
				IPHONEOS_DEPLOYMENT_TARGET = 15.0;
				LD_RUNPATH_SEARCH_PATHS = (
					"$(inherited)",
					"@executable_path/Frameworks",
				);
				MARKETING_VERSION = 1.10.0;
				PRODUCT_BUNDLE_IDENTIFIER = "com.zlatan.velib-map";
				PRODUCT_NAME = "$(TARGET_NAME)";
				PROVISIONING_PROFILE = "4862d4da-a539-43f1-bb6a-c649b1d8b2dd";
				PROVISIONING_PROFILE_SPECIFIER = "velib-today_dev";
				SWIFT_SWIFT3_OBJC_INFERENCE = Default;
				SWIFT_VERSION = 5.0;
			};
			name = Debug;
		};
		EBA373091EA3A0CC00E214DD /* Release */ = {
			isa = XCBuildConfiguration;
			baseConfigurationReference = FD0FBAEF8A1323275B26288F /* Pods-velib-map.release.xcconfig */;
			buildSettings = {
				ALWAYS_EMBED_SWIFT_STANDARD_LIBRARIES = "$(inherited)";
				ASSETCATALOG_COMPILER_APPICON_NAME = AppIcon;
				CODE_SIGN_ENTITLEMENTS = "velib-map/velib-map.entitlements";
				"CODE_SIGN_IDENTITY[sdk=iphoneos*]" = "iPhone Distribution";
				CURRENT_PROJECT_VERSION = 1;
				DEVELOPMENT_TEAM = XDX42S5M9N;
				EXCLUDED_ARCHS = "";
				INFOPLIST_FILE = "$(SRCROOT)/velib-map/SupportingFiles/Info.plist";
				IPHONEOS_DEPLOYMENT_TARGET = 15.0;
				LD_RUNPATH_SEARCH_PATHS = (
					"$(inherited)",
					"@executable_path/Frameworks",
				);
				MARKETING_VERSION = 1.10.0;
				ONLY_ACTIVE_ARCH = NO;
				PRODUCT_BUNDLE_IDENTIFIER = "com.zlatan.velib-map";
				PRODUCT_NAME = "$(TARGET_NAME)";
				PROVISIONING_PROFILE = "600004c0-06e2-45b1-ab37-456b3d7e1f45";
				PROVISIONING_PROFILE_SPECIFIER = "velib-today_appstore";
				SWIFT_ACTIVE_COMPILATION_CONDITIONS = RELEASE;
				SWIFT_SWIFT3_OBJC_INFERENCE = Default;
				SWIFT_VERSION = 5.0;
			};
			name = Release;
		};
/* End XCBuildConfiguration section */

/* Begin XCConfigurationList section */
		E94D2B9F22DB94AB00A80A76 /* Build configuration list for PBXNativeTarget "velib-mapTests" */ = {
			isa = XCConfigurationList;
			buildConfigurations = (
				E94D2B9D22DB94AB00A80A76 /* Debug */,
				E94D2B9E22DB94AB00A80A76 /* Release */,
			);
			defaultConfigurationIsVisible = 0;
			defaultConfigurationName = Release;
		};
		EBA372F01EA3A0CC00E214DD /* Build configuration list for PBXProject "velib-map" */ = {
			isa = XCConfigurationList;
			buildConfigurations = (
				EBA373051EA3A0CC00E214DD /* Debug */,
				EBA373061EA3A0CC00E214DD /* Release */,
			);
			defaultConfigurationIsVisible = 0;
			defaultConfigurationName = Release;
		};
		EBA373071EA3A0CC00E214DD /* Build configuration list for PBXNativeTarget "velib-map" */ = {
			isa = XCConfigurationList;
			buildConfigurations = (
				EBA373081EA3A0CC00E214DD /* Debug */,
				EBA373091EA3A0CC00E214DD /* Release */,
			);
			defaultConfigurationIsVisible = 0;
			defaultConfigurationName = Release;
		};
/* End XCConfigurationList section */

/* Begin XCRemoteSwiftPackageReference section */
		E9B4AE01289EEF1000260AEC /* XCRemoteSwiftPackageReference "swift-composable-architecture" */ = {
			isa = XCRemoteSwiftPackageReference;
			repositoryURL = "https://github.com/pointfreeco/swift-composable-architecture";
			requirement = {
				kind = exactVersion;
				version = 0.39.0;
			};
		};
/* End XCRemoteSwiftPackageReference section */

/* Begin XCSwiftPackageProductDependency section */
		E9B4AE02289EEF1000260AEC /* ComposableArchitecture */ = {
			isa = XCSwiftPackageProductDependency;
			package = E9B4AE01289EEF1000260AEC /* XCRemoteSwiftPackageReference "swift-composable-architecture" */;
			productName = ComposableArchitecture;
		};
/* End XCSwiftPackageProductDependency section */
	};
	rootObject = EBA372ED1EA3A0CC00E214DD /* Project object */;
}
