// !$*UTF8*$!
{
	archiveVersion = 1;
	classes = {
	};
	objectVersion = 46;
	objects = {

/* Begin PBXBuildFile section */
		E94D2B9022DB8F8E00A80A76 /* NetworkSession.swift in Sources */ = {isa = PBXBuildFile; fileRef = E94D2B8E22DB8F8E00A80A76 /* NetworkSession.swift */; };
		E94D2B9122DB8F8E00A80A76 /* APIWorker.swift in Sources */ = {isa = PBXBuildFile; fileRef = E94D2B8F22DB8F8E00A80A76 /* APIWorker.swift */; };
		E94D2BA222DB956900A80A76 /* GeneratedMocks.swift in Sources */ = {isa = PBXBuildFile; fileRef = E94D2BA122DB956900A80A76 /* GeneratedMocks.swift */; };
		E94D2BA422DB958200A80A76 /* APIWorkerTests.swift in Sources */ = {isa = PBXBuildFile; fileRef = E94D2BA322DB958200A80A76 /* APIWorkerTests.swift */; };
		E94D2BA722DB966500A80A76 /* fetchAll.json in Resources */ = {isa = PBXBuildFile; fileRef = E94D2BA622DB966500A80A76 /* fetchAll.json */; };
		E94D2BA922DB9C0D00A80A76 /* MapPresenterTests.swift in Sources */ = {isa = PBXBuildFile; fileRef = E94D2BA822DB9C0D00A80A76 /* MapPresenterTests.swift */; };
		EB11657020A6D9A40086F8D7 /* MapPresenterImpl.swift in Sources */ = {isa = PBXBuildFile; fileRef = EB11656F20A6D9A40086F8D7 /* MapPresenterImpl.swift */; };
		EB274EEF21AAC46E00906077 /* AppComponent.swift in Sources */ = {isa = PBXBuildFile; fileRef = EB274EEE21AAC46E00906077 /* AppComponent.swift */; };
		EBA372FE1EA3A0CC00E214DD /* Main.storyboard in Resources */ = {isa = PBXBuildFile; fileRef = EBA372FC1EA3A0CC00E214DD /* Main.storyboard */; };
		EBA373001EA3A0CC00E214DD /* Assets.xcassets in Resources */ = {isa = PBXBuildFile; fileRef = EBA372FF1EA3A0CC00E214DD /* Assets.xcassets */; };
		EBA373031EA3A0CC00E214DD /* LaunchScreen.storyboard in Resources */ = {isa = PBXBuildFile; fileRef = EBA373011EA3A0CC00E214DD /* LaunchScreen.storyboard */; };
		EBADFB9F20B078A80012909E /* FetchStationObjectResponse.swift in Sources */ = {isa = PBXBuildFile; fileRef = EBADFB9E20B078A80012909E /* FetchStationObjectResponse.swift */; };
		EBADFBA120B078B50012909E /* CoreDataService.swift in Sources */ = {isa = PBXBuildFile; fileRef = EBADFBA020B078B50012909E /* CoreDataService.swift */; };
		EBADFBA320B078C60012909E /* MapService.swift in Sources */ = {isa = PBXBuildFile; fileRef = EBADFBA220B078C50012909E /* MapService.swift */; };
		EBADFBA620B078DF0012909E /* DetailsPresenterImpl.swift in Sources */ = {isa = PBXBuildFile; fileRef = EBADFBA420B078DF0012909E /* DetailsPresenterImpl.swift */; };
		EBADFBA720B078DF0012909E /* FavoritePresenterImpl.swift in Sources */ = {isa = PBXBuildFile; fileRef = EBADFBA520B078DF0012909E /* FavoritePresenterImpl.swift */; };
		EBADFBA920B0790C0012909E /* PreferencesRepository.swift in Sources */ = {isa = PBXBuildFile; fileRef = EBADFBA820B0790C0012909E /* PreferencesRepository.swift */; };
		EBADFBAE20B079350012909E /* SettingsTableViewController.swift in Sources */ = {isa = PBXBuildFile; fileRef = EBADFBAA20B079340012909E /* SettingsTableViewController.swift */; };
		EBADFBAF20B079350012909E /* MapViewController.swift in Sources */ = {isa = PBXBuildFile; fileRef = EBADFBAB20B079340012909E /* MapViewController.swift */; };
		EBADFBB020B079350012909E /* DetailsViewController.swift in Sources */ = {isa = PBXBuildFile; fileRef = EBADFBAC20B079350012909E /* DetailsViewController.swift */; };
		EBADFBB120B079350012909E /* FavoriteTableViewController.swift in Sources */ = {isa = PBXBuildFile; fileRef = EBADFBAD20B079350012909E /* FavoriteTableViewController.swift */; };
		EBADFBB320B0793E0012909E /* FavoriteTableViewCell.swift in Sources */ = {isa = PBXBuildFile; fileRef = EBADFBB220B0793E0012909E /* FavoriteTableViewCell.swift */; };
		EBADFBB820B079670012909E /* FavoriteStation.swift in Sources */ = {isa = PBXBuildFile; fileRef = EBADFBB420B079670012909E /* FavoriteStation.swift */; };
		EBADFBB920B079670012909E /* Station.swift in Sources */ = {isa = PBXBuildFile; fileRef = EBADFBB520B079670012909E /* Station.swift */; };
		EBADFBBA20B079670012909E /* APIError.swift in Sources */ = {isa = PBXBuildFile; fileRef = EBADFBB620B079670012909E /* APIError.swift */; };
		EBADFBBB20B079670012909E /* MapStyle.swift in Sources */ = {isa = PBXBuildFile; fileRef = EBADFBB720B079670012909E /* MapStyle.swift */; };
		EBADFBBE20B0798A0012909E /* Loadable.swift in Sources */ = {isa = PBXBuildFile; fileRef = EBADFBBC20B0798A0012909E /* Loadable.swift */; };
		EBADFBBF20B0798A0012909E /* PopupManager.swift in Sources */ = {isa = PBXBuildFile; fileRef = EBADFBBD20B0798A0012909E /* PopupManager.swift */; };
		EBADFBC320B079B60012909E /* AppDelegate.swift in Sources */ = {isa = PBXBuildFile; fileRef = EBADFBC120B079B60012909E /* AppDelegate.swift */; };
		EBADFBCC20B07ABB0012909E /* velibMap.xcdatamodeld in Sources */ = {isa = PBXBuildFile; fileRef = EBADFBC920B07AB80012909E /* velibMap.xcdatamodeld */; };
		EBC4DFF820B0332300E5966C /* Constants.swift in Sources */ = {isa = PBXBuildFile; fileRef = EBC4DFF720B0332300E5966C /* Constants.swift */; };
		ECE4F335AE599A31397EF909 /* Pods_velib_map.framework in Frameworks */ = {isa = PBXBuildFile; fileRef = 3C18E88C379F1440D3F3D185 /* Pods_velib_map.framework */; };
		EE1662C48282059EFFC2F4A7 /* Pods_velib_mapTests.framework in Frameworks */ = {isa = PBXBuildFile; fileRef = A25D1DC61D66E5008F79A8B8 /* Pods_velib_mapTests.framework */; };
/* End PBXBuildFile section */

/* Begin PBXContainerItemProxy section */
		E94D2B9B22DB94AB00A80A76 /* PBXContainerItemProxy */ = {
			isa = PBXContainerItemProxy;
			containerPortal = EBA372ED1EA3A0CC00E214DD /* Project object */;
			proxyType = 1;
			remoteGlobalIDString = EBA372F41EA3A0CC00E214DD;
			remoteInfo = "velib-map";
		};
/* End PBXContainerItemProxy section */

/* Begin PBXFileReference section */
		23F9D0956B9A51CC3B1DDDCA /* Pods-velib-mapTests.release.xcconfig */ = {isa = PBXFileReference; includeInIndex = 1; lastKnownFileType = text.xcconfig; name = "Pods-velib-mapTests.release.xcconfig"; path = "Pods/Target Support Files/Pods-velib-mapTests/Pods-velib-mapTests.release.xcconfig"; sourceTree = "<group>"; };
		2413D55EBACB8020A6DB241A /* Pods-velib-map.debug.xcconfig */ = {isa = PBXFileReference; includeInIndex = 1; lastKnownFileType = text.xcconfig; name = "Pods-velib-map.debug.xcconfig"; path = "Pods/Target Support Files/Pods-velib-map/Pods-velib-map.debug.xcconfig"; sourceTree = "<group>"; };
		3C18E88C379F1440D3F3D185 /* Pods_velib_map.framework */ = {isa = PBXFileReference; explicitFileType = wrapper.framework; includeInIndex = 0; path = Pods_velib_map.framework; sourceTree = BUILT_PRODUCTS_DIR; };
		4B7BC9EA316703AE564588F1 /* Pods-velib-mapTests.debug.xcconfig */ = {isa = PBXFileReference; includeInIndex = 1; lastKnownFileType = text.xcconfig; name = "Pods-velib-mapTests.debug.xcconfig"; path = "Pods/Target Support Files/Pods-velib-mapTests/Pods-velib-mapTests.debug.xcconfig"; sourceTree = "<group>"; };
		A25D1DC61D66E5008F79A8B8 /* Pods_velib_mapTests.framework */ = {isa = PBXFileReference; explicitFileType = wrapper.framework; includeInIndex = 0; path = Pods_velib_mapTests.framework; sourceTree = BUILT_PRODUCTS_DIR; };
		E94D2B8E22DB8F8E00A80A76 /* NetworkSession.swift */ = {isa = PBXFileReference; fileEncoding = 4; lastKnownFileType = sourcecode.swift; name = NetworkSession.swift; path = Workers/NetworkSession.swift; sourceTree = "<group>"; };
		E94D2B8F22DB8F8E00A80A76 /* APIWorker.swift */ = {isa = PBXFileReference; fileEncoding = 4; lastKnownFileType = sourcecode.swift; name = APIWorker.swift; path = Workers/APIWorker.swift; sourceTree = "<group>"; };
		E94D2B9622DB94AB00A80A76 /* velib-mapTests.xctest */ = {isa = PBXFileReference; explicitFileType = wrapper.cfbundle; includeInIndex = 0; path = "velib-mapTests.xctest"; sourceTree = BUILT_PRODUCTS_DIR; };
		E94D2B9A22DB94AB00A80A76 /* Info.plist */ = {isa = PBXFileReference; lastKnownFileType = text.plist.xml; path = Info.plist; sourceTree = "<group>"; };
		E94D2BA122DB956900A80A76 /* GeneratedMocks.swift */ = {isa = PBXFileReference; fileEncoding = 4; lastKnownFileType = sourcecode.swift; path = GeneratedMocks.swift; sourceTree = "<group>"; };
		E94D2BA322DB958200A80A76 /* APIWorkerTests.swift */ = {isa = PBXFileReference; lastKnownFileType = sourcecode.swift; path = APIWorkerTests.swift; sourceTree = "<group>"; };
		E94D2BA622DB966500A80A76 /* fetchAll.json */ = {isa = PBXFileReference; fileEncoding = 4; lastKnownFileType = text.json; path = fetchAll.json; sourceTree = "<group>"; };
		E94D2BA822DB9C0D00A80A76 /* MapPresenterTests.swift */ = {isa = PBXFileReference; lastKnownFileType = sourcecode.swift; path = MapPresenterTests.swift; sourceTree = "<group>"; };
		EB11656F20A6D9A40086F8D7 /* MapPresenterImpl.swift */ = {isa = PBXFileReference; lastKnownFileType = sourcecode.swift; name = MapPresenterImpl.swift; path = presenters/MapPresenterImpl.swift; sourceTree = "<group>"; };
		EB274EEE21AAC46E00906077 /* AppComponent.swift */ = {isa = PBXFileReference; lastKnownFileType = sourcecode.swift; name = AppComponent.swift; path = SupportingFiles/AppComponent.swift; sourceTree = "<group>"; };
		EBA372F51EA3A0CC00E214DD /* velib-map.app */ = {isa = PBXFileReference; explicitFileType = wrapper.application; includeInIndex = 0; path = "velib-map.app"; sourceTree = BUILT_PRODUCTS_DIR; };
		EBA372FD1EA3A0CC00E214DD /* Base */ = {isa = PBXFileReference; lastKnownFileType = file.storyboard; name = Base; path = Base.lproj/Main.storyboard; sourceTree = "<group>"; };
		EBA372FF1EA3A0CC00E214DD /* Assets.xcassets */ = {isa = PBXFileReference; lastKnownFileType = folder.assetcatalog; path = Assets.xcassets; sourceTree = "<group>"; };
		EBA373021EA3A0CC00E214DD /* Base */ = {isa = PBXFileReference; lastKnownFileType = file.storyboard; name = Base; path = Base.lproj/LaunchScreen.storyboard; sourceTree = "<group>"; };
		EBADFB9E20B078A80012909E /* FetchStationObjectResponse.swift */ = {isa = PBXFileReference; fileEncoding = 4; lastKnownFileType = sourcecode.swift; name = FetchStationObjectResponse.swift; path = Models/ServiceModels/FetchStationObjectResponse.swift; sourceTree = "<group>"; };
		EBADFBA020B078B50012909E /* CoreDataService.swift */ = {isa = PBXFileReference; fileEncoding = 4; lastKnownFileType = sourcecode.swift; name = CoreDataService.swift; path = Models/Services/CoreDataService.swift; sourceTree = "<group>"; };
		EBADFBA220B078C50012909E /* MapService.swift */ = {isa = PBXFileReference; fileEncoding = 4; lastKnownFileType = sourcecode.swift; name = MapService.swift; path = Models/Services/MapService.swift; sourceTree = "<group>"; };
		EBADFBA420B078DF0012909E /* DetailsPresenterImpl.swift */ = {isa = PBXFileReference; fileEncoding = 4; lastKnownFileType = sourcecode.swift; name = DetailsPresenterImpl.swift; path = Presenters/DetailsPresenterImpl.swift; sourceTree = "<group>"; };
		EBADFBA520B078DF0012909E /* FavoritePresenterImpl.swift */ = {isa = PBXFileReference; fileEncoding = 4; lastKnownFileType = sourcecode.swift; name = FavoritePresenterImpl.swift; path = Presenters/FavoritePresenterImpl.swift; sourceTree = "<group>"; };
		EBADFBA820B0790C0012909E /* PreferencesRepository.swift */ = {isa = PBXFileReference; fileEncoding = 4; lastKnownFileType = sourcecode.swift; name = PreferencesRepository.swift; path = Models/Repositories/PreferencesRepository.swift; sourceTree = "<group>"; };
		EBADFBAA20B079340012909E /* SettingsTableViewController.swift */ = {isa = PBXFileReference; fileEncoding = 4; lastKnownFileType = sourcecode.swift; name = SettingsTableViewController.swift; path = Views/SettingsTableViewController.swift; sourceTree = "<group>"; };
		EBADFBAB20B079340012909E /* MapViewController.swift */ = {isa = PBXFileReference; fileEncoding = 4; lastKnownFileType = sourcecode.swift; name = MapViewController.swift; path = Views/MapViewController.swift; sourceTree = "<group>"; };
		EBADFBAC20B079350012909E /* DetailsViewController.swift */ = {isa = PBXFileReference; fileEncoding = 4; lastKnownFileType = sourcecode.swift; name = DetailsViewController.swift; path = Views/DetailsViewController.swift; sourceTree = "<group>"; };
		EBADFBAD20B079350012909E /* FavoriteTableViewController.swift */ = {isa = PBXFileReference; fileEncoding = 4; lastKnownFileType = sourcecode.swift; name = FavoriteTableViewController.swift; path = Views/FavoriteTableViewController.swift; sourceTree = "<group>"; };
		EBADFBB220B0793E0012909E /* FavoriteTableViewCell.swift */ = {isa = PBXFileReference; fileEncoding = 4; lastKnownFileType = sourcecode.swift; name = FavoriteTableViewCell.swift; path = Views/cells/FavoriteTableViewCell.swift; sourceTree = "<group>"; };
		EBADFBB420B079670012909E /* FavoriteStation.swift */ = {isa = PBXFileReference; fileEncoding = 4; lastKnownFileType = sourcecode.swift; name = FavoriteStation.swift; path = Models/DataModels/FavoriteStation.swift; sourceTree = "<group>"; };
		EBADFBB520B079670012909E /* Station.swift */ = {isa = PBXFileReference; fileEncoding = 4; lastKnownFileType = sourcecode.swift; name = Station.swift; path = Models/DataModels/Station.swift; sourceTree = "<group>"; };
		EBADFBB620B079670012909E /* APIError.swift */ = {isa = PBXFileReference; fileEncoding = 4; lastKnownFileType = sourcecode.swift; name = APIError.swift; path = Models/DataModels/APIError.swift; sourceTree = "<group>"; };
		EBADFBB720B079670012909E /* MapStyle.swift */ = {isa = PBXFileReference; fileEncoding = 4; lastKnownFileType = sourcecode.swift; name = MapStyle.swift; path = Models/DataModels/MapStyle.swift; sourceTree = "<group>"; };
		EBADFBBC20B0798A0012909E /* Loadable.swift */ = {isa = PBXFileReference; fileEncoding = 4; lastKnownFileType = sourcecode.swift; name = Loadable.swift; path = Utils/Loadable.swift; sourceTree = "<group>"; };
		EBADFBBD20B0798A0012909E /* PopupManager.swift */ = {isa = PBXFileReference; fileEncoding = 4; lastKnownFileType = sourcecode.swift; name = PopupManager.swift; path = Utils/PopupManager.swift; sourceTree = "<group>"; };
		EBADFBC120B079B60012909E /* AppDelegate.swift */ = {isa = PBXFileReference; fileEncoding = 4; lastKnownFileType = sourcecode.swift; name = AppDelegate.swift; path = SupportingFiles/AppDelegate.swift; sourceTree = "<group>"; };
		EBADFBCA20B07AB80012909E /* velibMap.xcdatamodel */ = {isa = PBXFileReference; lastKnownFileType = wrapper.xcdatamodel; path = velibMap.xcdatamodel; sourceTree = "<group>"; };
		EBADFBD220B080A20012909E /* Info.plist */ = {isa = PBXFileReference; fileEncoding = 4; lastKnownFileType = text.plist.xml; name = Info.plist; path = SupportingFiles/Info.plist; sourceTree = "<group>"; };
		EBC4DFF720B0332300E5966C /* Constants.swift */ = {isa = PBXFileReference; fileEncoding = 4; lastKnownFileType = sourcecode.swift; name = Constants.swift; path = utils/Constants.swift; sourceTree = "<group>"; };
		FD0FBAEF8A1323275B26288F /* Pods-velib-map.release.xcconfig */ = {isa = PBXFileReference; includeInIndex = 1; lastKnownFileType = text.xcconfig; name = "Pods-velib-map.release.xcconfig"; path = "Pods/Target Support Files/Pods-velib-map/Pods-velib-map.release.xcconfig"; sourceTree = "<group>"; };
/* End PBXFileReference section */

/* Begin PBXFrameworksBuildPhase section */
		E94D2B9322DB94AB00A80A76 /* Frameworks */ = {
			isa = PBXFrameworksBuildPhase;
			buildActionMask = 2147483647;
			files = (
				EE1662C48282059EFFC2F4A7 /* Pods_velib_mapTests.framework in Frameworks */,
			);
			runOnlyForDeploymentPostprocessing = 0;
		};
		EBA372F21EA3A0CC00E214DD /* Frameworks */ = {
			isa = PBXFrameworksBuildPhase;
			buildActionMask = 2147483647;
			files = (
				ECE4F335AE599A31397EF909 /* Pods_velib_map.framework in Frameworks */,
			);
			runOnlyForDeploymentPostprocessing = 0;
		};
/* End PBXFrameworksBuildPhase section */

/* Begin PBXGroup section */
		2493F9BA1EA3A64B007D006D /* Models */ = {
			isa = PBXGroup;
			children = (
				EB54F9B420B07564008221A0 /* Repositories */,
				EB54F9B320B07521008221A0 /* DataModels */,
				EBDF00851F4197D80009F2A9 /* Services */,
				EB54F9B220B074D6008221A0 /* ServiceModels */,
			);
			name = Models;
			sourceTree = "<group>";
		};
		45F125794AA96C2A4D3B6D5B /* Frameworks */ = {
			isa = PBXGroup;
			children = (
				3C18E88C379F1440D3F3D185 /* Pods_velib_map.framework */,
				A25D1DC61D66E5008F79A8B8 /* Pods_velib_mapTests.framework */,
			);
			name = Frameworks;
			sourceTree = "<group>";
		};
		680088FA8F458C29EE8BAF70 /* Pods */ = {
			isa = PBXGroup;
			children = (
				2413D55EBACB8020A6DB241A /* Pods-velib-map.debug.xcconfig */,
				FD0FBAEF8A1323275B26288F /* Pods-velib-map.release.xcconfig */,
				4B7BC9EA316703AE564588F1 /* Pods-velib-mapTests.debug.xcconfig */,
				23F9D0956B9A51CC3B1DDDCA /* Pods-velib-mapTests.release.xcconfig */,
			);
			name = Pods;
			sourceTree = "<group>";
		};
		E94D2B9722DB94AB00A80A76 /* velib-mapTests */ = {
			isa = PBXGroup;
			children = (
				E94D2BA522DB963100A80A76 /* Stubs */,
				E94D2BA322DB958200A80A76 /* APIWorkerTests.swift */,
				E94D2BA822DB9C0D00A80A76 /* MapPresenterTests.swift */,
				E94D2BA122DB956900A80A76 /* GeneratedMocks.swift */,
				E94D2B9A22DB94AB00A80A76 /* Info.plist */,
			);
			path = "velib-mapTests";
			sourceTree = "<group>";
		};
		E94D2BA522DB963100A80A76 /* Stubs */ = {
			isa = PBXGroup;
			children = (
				E94D2BA622DB966500A80A76 /* fetchAll.json */,
			);
			path = Stubs;
			sourceTree = "<group>";
		};
		E99F3E6F22DB86A800476528 /* Workers */ = {
			isa = PBXGroup;
			children = (
				E94D2B8F22DB8F8E00A80A76 /* APIWorker.swift */,
				E94D2B8E22DB8F8E00A80A76 /* NetworkSession.swift */,
			);
			name = Workers;
			sourceTree = "<group>";
		};
		EB1FFF0820A72A8F00AA9F79 /* Utils */ = {
			isa = PBXGroup;
			children = (
				EBC4DFF720B0332300E5966C /* Constants.swift */,
				EBADFBBC20B0798A0012909E /* Loadable.swift */,
				EBADFBBD20B0798A0012909E /* PopupManager.swift */,
			);
			name = Utils;
			sourceTree = "<group>";
		};
		EB31AAE01EFFDB6200CC5D04 /* cells */ = {
			isa = PBXGroup;
			children = (
				EBADFBB220B0793E0012909E /* FavoriteTableViewCell.swift */,
			);
			name = cells;
			sourceTree = "<group>";
		};
		EB54F9B220B074D6008221A0 /* ServiceModels */ = {
			isa = PBXGroup;
			children = (
				EBADFB9E20B078A80012909E /* FetchStationObjectResponse.swift */,
			);
			name = ServiceModels;
			sourceTree = "<group>";
		};
		EB54F9B320B07521008221A0 /* DataModels */ = {
			isa = PBXGroup;
			children = (
				EBADFBB620B079670012909E /* APIError.swift */,
				EBADFBB420B079670012909E /* FavoriteStation.swift */,
				EBADFBB720B079670012909E /* MapStyle.swift */,
				EBADFBB520B079670012909E /* Station.swift */,
			);
			name = DataModels;
			sourceTree = "<group>";
		};
		EB54F9B420B07564008221A0 /* Repositories */ = {
			isa = PBXGroup;
			children = (
				EBADFBA820B0790C0012909E /* PreferencesRepository.swift */,
			);
			name = Repositories;
			sourceTree = "<group>";
		};
		EB54F9B520B07595008221A0 /* SupportingFiles */ = {
			isa = PBXGroup;
			children = (
				EBA372FC1EA3A0CC00E214DD /* Main.storyboard */,
				EBA372FF1EA3A0CC00E214DD /* Assets.xcassets */,
				EBA373011EA3A0CC00E214DD /* LaunchScreen.storyboard */,
				EBADFBC120B079B60012909E /* AppDelegate.swift */,
				EB274EEE21AAC46E00906077 /* AppComponent.swift */,
				EBADFBD220B080A20012909E /* Info.plist */,
				EBADFBC920B07AB80012909E /* velibMap.xcdatamodeld */,
			);
			name = SupportingFiles;
			sourceTree = "<group>";
		};
		EB5D021120A6D8BF005AED49 /* Presenters */ = {
			isa = PBXGroup;
			children = (
				EB11656F20A6D9A40086F8D7 /* MapPresenterImpl.swift */,
				EBADFBA420B078DF0012909E /* DetailsPresenterImpl.swift */,
				EBADFBA520B078DF0012909E /* FavoritePresenterImpl.swift */,
			);
			name = Presenters;
			sourceTree = "<group>";
		};
		EBA372EC1EA3A0CC00E214DD = {
			isa = PBXGroup;
			children = (
				EBA372F71EA3A0CC00E214DD /* velib-map */,
				E94D2B9722DB94AB00A80A76 /* velib-mapTests */,
				EBA372F61EA3A0CC00E214DD /* Products */,
				680088FA8F458C29EE8BAF70 /* Pods */,
				45F125794AA96C2A4D3B6D5B /* Frameworks */,
			);
			sourceTree = "<group>";
		};
		EBA372F61EA3A0CC00E214DD /* Products */ = {
			isa = PBXGroup;
			children = (
				EBA372F51EA3A0CC00E214DD /* velib-map.app */,
				E94D2B9622DB94AB00A80A76 /* velib-mapTests.xctest */,
			);
			name = Products;
			sourceTree = "<group>";
		};
		EBA372F71EA3A0CC00E214DD /* velib-map */ = {
			isa = PBXGroup;
			children = (
				2493F9BA1EA3A64B007D006D /* Models */,
				EB5D021120A6D8BF005AED49 /* Presenters */,
				EBD5F85620A6D8860056B1E0 /* Views */,
				EB1FFF0820A72A8F00AA9F79 /* Utils */,
				E99F3E6F22DB86A800476528 /* Workers */,
				EB54F9B520B07595008221A0 /* SupportingFiles */,
			);
			path = "velib-map";
			sourceTree = "<group>";
		};
		EBD5F85620A6D8860056B1E0 /* Views */ = {
			isa = PBXGroup;
			children = (
				EB31AAE01EFFDB6200CC5D04 /* cells */,
				EBADFBAC20B079350012909E /* DetailsViewController.swift */,
				EBADFBAD20B079350012909E /* FavoriteTableViewController.swift */,
				EBADFBAB20B079340012909E /* MapViewController.swift */,
				EBADFBAA20B079340012909E /* SettingsTableViewController.swift */,
			);
			name = Views;
			sourceTree = "<group>";
		};
		EBDF00851F4197D80009F2A9 /* Services */ = {
			isa = PBXGroup;
			children = (
				EBADFBA220B078C50012909E /* MapService.swift */,
				EBADFBA020B078B50012909E /* CoreDataService.swift */,
			);
			name = Services;
			sourceTree = "<group>";
		};
/* End PBXGroup section */

/* Begin PBXNativeTarget section */
		E94D2B9522DB94AB00A80A76 /* velib-mapTests */ = {
			isa = PBXNativeTarget;
			buildConfigurationList = E94D2B9F22DB94AB00A80A76 /* Build configuration list for PBXNativeTarget "velib-mapTests" */;
			buildPhases = (
				46EB20230320C47A5B222D37 /* [CP] Check Pods Manifest.lock */,
				E94D2B9222DB94AB00A80A76 /* Sources */,
				E94D2B9322DB94AB00A80A76 /* Frameworks */,
				E94D2B9422DB94AB00A80A76 /* Resources */,
				57C3618FE8DC2659F21925CD /* [CP] Embed Pods Frameworks */,
			);
			buildRules = (
			);
			dependencies = (
				E94D2B9C22DB94AB00A80A76 /* PBXTargetDependency */,
			);
			name = "velib-mapTests";
			productName = "velib-mapTests";
			productReference = E94D2B9622DB94AB00A80A76 /* velib-mapTests.xctest */;
			productType = "com.apple.product-type.bundle.unit-test";
		};
		EBA372F41EA3A0CC00E214DD /* velib-map */ = {
			isa = PBXNativeTarget;
			buildConfigurationList = EBA373071EA3A0CC00E214DD /* Build configuration list for PBXNativeTarget "velib-map" */;
			buildPhases = (
				AAD3180426B869ED8A3F3B13 /* [CP] Check Pods Manifest.lock */,
				EBA372F11EA3A0CC00E214DD /* Sources */,
				EBA372F21EA3A0CC00E214DD /* Frameworks */,
				EBA372F31EA3A0CC00E214DD /* Resources */,
				31C752DC11AE40A94B521CDD /* [CP] Embed Pods Frameworks */,
				EB11657120A6DAF40086F8D7 /* SwiftLint */,
				E94D2BA022DB951700A80A76 /* Cuckoo */,
			);
			buildRules = (
			);
			dependencies = (
			);
			name = "velib-map";
			productName = "velib-map";
			productReference = EBA372F51EA3A0CC00E214DD /* velib-map.app */;
			productType = "com.apple.product-type.application";
		};
/* End PBXNativeTarget section */

/* Begin PBXProject section */
		EBA372ED1EA3A0CC00E214DD /* Project object */ = {
			isa = PBXProject;
			attributes = {
				LastSwiftUpdateCheck = 1020;
				LastUpgradeCheck = 1020;
				ORGANIZATIONNAME = "Thomas Guilleminot";
				TargetAttributes = {
					E94D2B9522DB94AB00A80A76 = {
						CreatedOnToolsVersion = 10.2.1;
						DevelopmentTeam = XDX42S5M9N;
						ProvisioningStyle = Automatic;
						TestTargetID = EBA372F41EA3A0CC00E214DD;
					};
					EBA372F41EA3A0CC00E214DD = {
						CreatedOnToolsVersion = 8.3.1;
						DevelopmentTeam = XDX42S5M9N;
						LastSwiftMigration = 0930;
						ProvisioningStyle = Manual;
					};
				};
			};
			buildConfigurationList = EBA372F01EA3A0CC00E214DD /* Build configuration list for PBXProject "velib-map" */;
			compatibilityVersion = "Xcode 3.2";
			developmentRegion = English;
			hasScannedForEncodings = 0;
			knownRegions = (
				English,
				en,
				Base,
			);
			mainGroup = EBA372EC1EA3A0CC00E214DD;
			productRefGroup = EBA372F61EA3A0CC00E214DD /* Products */;
			projectDirPath = "";
			projectRoot = "";
			targets = (
				EBA372F41EA3A0CC00E214DD /* velib-map */,
				E94D2B9522DB94AB00A80A76 /* velib-mapTests */,
			);
		};
/* End PBXProject section */

/* Begin PBXResourcesBuildPhase section */
		E94D2B9422DB94AB00A80A76 /* Resources */ = {
			isa = PBXResourcesBuildPhase;
			buildActionMask = 2147483647;
			files = (
				E94D2BA722DB966500A80A76 /* fetchAll.json in Resources */,
			);
			runOnlyForDeploymentPostprocessing = 0;
		};
		EBA372F31EA3A0CC00E214DD /* Resources */ = {
			isa = PBXResourcesBuildPhase;
			buildActionMask = 2147483647;
			files = (
				EBA373031EA3A0CC00E214DD /* LaunchScreen.storyboard in Resources */,
				EBA373001EA3A0CC00E214DD /* Assets.xcassets in Resources */,
				EBA372FE1EA3A0CC00E214DD /* Main.storyboard in Resources */,
			);
			runOnlyForDeploymentPostprocessing = 0;
		};
/* End PBXResourcesBuildPhase section */

/* Begin PBXShellScriptBuildPhase section */
		31C752DC11AE40A94B521CDD /* [CP] Embed Pods Frameworks */ = {
			isa = PBXShellScriptBuildPhase;
			buildActionMask = 2147483647;
			files = (
			);
			inputPaths = (
				"${PODS_ROOT}/Target Support Files/Pods-velib-map/Pods-velib-map-frameworks.sh",
				"${BUILT_PRODUCTS_DIR}/Keys-framework/Keys.framework",
				"${BUILT_PRODUCTS_DIR}/Bugsnag/Bugsnag.framework",
				"${BUILT_PRODUCTS_DIR}/CoreStore/CoreStore.framework",
				"${BUILT_PRODUCTS_DIR}/PromisesObjC/FBLPromises.framework",
				"${BUILT_PRODUCTS_DIR}/PromisesSwift/Promises.framework",
				"${BUILT_PRODUCTS_DIR}/SVProgressHUD/SVProgressHUD.framework",
				"${BUILT_PRODUCTS_DIR}/Swinject/Swinject.framework",
				"${BUILT_PRODUCTS_DIR}/ZLogger/ZLogger.framework",
			);
			name = "[CP] Embed Pods Frameworks";
			outputPaths = (
				"${TARGET_BUILD_DIR}/${FRAMEWORKS_FOLDER_PATH}/Keys.framework",
				"${TARGET_BUILD_DIR}/${FRAMEWORKS_FOLDER_PATH}/Bugsnag.framework",
				"${TARGET_BUILD_DIR}/${FRAMEWORKS_FOLDER_PATH}/CoreStore.framework",
				"${TARGET_BUILD_DIR}/${FRAMEWORKS_FOLDER_PATH}/FBLPromises.framework",
				"${TARGET_BUILD_DIR}/${FRAMEWORKS_FOLDER_PATH}/Promises.framework",
				"${TARGET_BUILD_DIR}/${FRAMEWORKS_FOLDER_PATH}/SVProgressHUD.framework",
				"${TARGET_BUILD_DIR}/${FRAMEWORKS_FOLDER_PATH}/Swinject.framework",
				"${TARGET_BUILD_DIR}/${FRAMEWORKS_FOLDER_PATH}/ZLogger.framework",
			);
			runOnlyForDeploymentPostprocessing = 0;
			shellPath = /bin/sh;
			shellScript = "\"${PODS_ROOT}/Target Support Files/Pods-velib-map/Pods-velib-map-frameworks.sh\"\n";
			showEnvVarsInLog = 0;
		};
		46EB20230320C47A5B222D37 /* [CP] Check Pods Manifest.lock */ = {
			isa = PBXShellScriptBuildPhase;
			buildActionMask = 2147483647;
			files = (
			);
			inputFileListPaths = (
			);
			inputPaths = (
				"${PODS_PODFILE_DIR_PATH}/Podfile.lock",
				"${PODS_ROOT}/Manifest.lock",
			);
			name = "[CP] Check Pods Manifest.lock";
			outputFileListPaths = (
			);
			outputPaths = (
				"$(DERIVED_FILE_DIR)/Pods-velib-mapTests-checkManifestLockResult.txt",
			);
			runOnlyForDeploymentPostprocessing = 0;
			shellPath = /bin/sh;
			shellScript = "diff \"${PODS_PODFILE_DIR_PATH}/Podfile.lock\" \"${PODS_ROOT}/Manifest.lock\" > /dev/null\nif [ $? != 0 ] ; then\n    # print error to STDERR\n    echo \"error: The sandbox is not in sync with the Podfile.lock. Run 'pod install' or update your CocoaPods installation.\" >&2\n    exit 1\nfi\n# This output is used by Xcode 'outputs' to avoid re-running this script phase.\necho \"SUCCESS\" > \"${SCRIPT_OUTPUT_FILE_0}\"\n";
			showEnvVarsInLog = 0;
		};
		57C3618FE8DC2659F21925CD /* [CP] Embed Pods Frameworks */ = {
			isa = PBXShellScriptBuildPhase;
			buildActionMask = 2147483647;
			files = (
			);
			inputPaths = (
				"${PODS_ROOT}/Target Support Files/Pods-velib-mapTests/Pods-velib-mapTests-frameworks.sh",
				"${BUILT_PRODUCTS_DIR}/Keys-framework/Keys.framework",
				"${BUILT_PRODUCTS_DIR}/PromisesObjC/FBLPromises.framework",
				"${BUILT_PRODUCTS_DIR}/PromisesSwift/Promises.framework",
				"${BUILT_PRODUCTS_DIR}/Cuckoo/Cuckoo.framework",
			);
			name = "[CP] Embed Pods Frameworks";
			outputPaths = (
				"${TARGET_BUILD_DIR}/${FRAMEWORKS_FOLDER_PATH}/Keys.framework",
				"${TARGET_BUILD_DIR}/${FRAMEWORKS_FOLDER_PATH}/FBLPromises.framework",
				"${TARGET_BUILD_DIR}/${FRAMEWORKS_FOLDER_PATH}/Promises.framework",
				"${TARGET_BUILD_DIR}/${FRAMEWORKS_FOLDER_PATH}/Cuckoo.framework",
			);
			runOnlyForDeploymentPostprocessing = 0;
			shellPath = /bin/sh;
			shellScript = "\"${PODS_ROOT}/Target Support Files/Pods-velib-mapTests/Pods-velib-mapTests-frameworks.sh\"\n";
			showEnvVarsInLog = 0;
		};
		AAD3180426B869ED8A3F3B13 /* [CP] Check Pods Manifest.lock */ = {
			isa = PBXShellScriptBuildPhase;
			buildActionMask = 2147483647;
			files = (
			);
			inputPaths = (
				"${PODS_PODFILE_DIR_PATH}/Podfile.lock",
				"${PODS_ROOT}/Manifest.lock",
			);
			name = "[CP] Check Pods Manifest.lock";
			outputPaths = (
				"$(DERIVED_FILE_DIR)/Pods-velib-map-checkManifestLockResult.txt",
			);
			runOnlyForDeploymentPostprocessing = 0;
			shellPath = /bin/sh;
			shellScript = "diff \"${PODS_PODFILE_DIR_PATH}/Podfile.lock\" \"${PODS_ROOT}/Manifest.lock\" > /dev/null\nif [ $? != 0 ] ; then\n    # print error to STDERR\n    echo \"error: The sandbox is not in sync with the Podfile.lock. Run 'pod install' or update your CocoaPods installation.\" >&2\n    exit 1\nfi\n# This output is used by Xcode 'outputs' to avoid re-running this script phase.\necho \"SUCCESS\" > \"${SCRIPT_OUTPUT_FILE_0}\"\n";
			showEnvVarsInLog = 0;
		};
		E94D2BA022DB951700A80A76 /* Cuckoo */ = {
			isa = PBXShellScriptBuildPhase;
			buildActionMask = 2147483647;
			files = (
			);
			inputFileListPaths = (
			);
			inputPaths = (
			);
			name = Cuckoo;
			outputFileListPaths = (
			);
			outputPaths = (
			);
			runOnlyForDeploymentPostprocessing = 0;
			shellPath = /bin/sh;
			shellScript = "# Define output file. Change \"$PROJECT_DIR/Tests\" to your test's root source folder, if it's not the default name.\nOUTPUT_FILE=\"$PROJECT_DIR/velib-mapTests/GeneratedMocks.swift\"\necho \"Generated Mocks File = $OUTPUT_FILE\"\n\n# Define input directory. Change \"$PROJECT_DIR\" to your project's root source folder, if it's not the default name.\nINPUT_DIR=\"$PROJECT_DIR\"\necho \"Mocks Input Directory = $INPUT_DIR\"\n\n# Generate mock files, include as many input files as you'd like to create mocks for.\n${PODS_ROOT}/Cuckoo/run generate --testable \"$PROJECT_NAME\" \\\n--output \"${OUTPUT_FILE}\" \\\n\"$INPUT_DIR/velib-map/Workers/NetworkSession.swift\" \\\n\"$INPUT_DIR/velib-map/Workers/APIWorker.swift\" \\\n\"$INPUT_DIR/velib-map/Presenters/MapPresenterImpl.swift\" \\\n\"$INPUT_DIR/velib-map/Models/Repositories/PreferencesRepository.swift\" \\\n\"$INPUT_DIR/velib-map/Models/Services/MapService.swift\" \\\n\"$INPUT_DIR/velib-map/Utils/Loadable.swift\" --exclude \"TaskExecutable\" \\\n\n\n# ... and so forth\n\n# After running once, locate `GeneratedMocks.swift` and drag it into your Xcode test target group.\n\n";
		};
		EB11657120A6DAF40086F8D7 /* SwiftLint */ = {
			isa = PBXShellScriptBuildPhase;
			buildActionMask = 2147483647;
			files = (
			);
			inputPaths = (
			);
			name = SwiftLint;
			outputPaths = (
			);
			runOnlyForDeploymentPostprocessing = 0;
			shellPath = /bin/sh;
			shellScript = "\"${PODS_ROOT}/SwiftLint/swiftlint\"";
		};
/* End PBXShellScriptBuildPhase section */

/* Begin PBXSourcesBuildPhase section */
		E94D2B9222DB94AB00A80A76 /* Sources */ = {
			isa = PBXSourcesBuildPhase;
			buildActionMask = 2147483647;
			files = (
				E94D2BA422DB958200A80A76 /* APIWorkerTests.swift in Sources */,
				E94D2BA222DB956900A80A76 /* GeneratedMocks.swift in Sources */,
				E94D2BA922DB9C0D00A80A76 /* MapPresenterTests.swift in Sources */,
			);
			runOnlyForDeploymentPostprocessing = 0;
		};
		EBA372F11EA3A0CC00E214DD /* Sources */ = {
			isa = PBXSourcesBuildPhase;
			buildActionMask = 2147483647;
			files = (
				EBADFBC320B079B60012909E /* AppDelegate.swift in Sources */,
				EBADFBA720B078DF0012909E /* FavoritePresenterImpl.swift in Sources */,
				E94D2B9022DB8F8E00A80A76 /* NetworkSession.swift in Sources */,
				EBC4DFF820B0332300E5966C /* Constants.swift in Sources */,
				EBADFBA120B078B50012909E /* CoreDataService.swift in Sources */,
				EBADFBBB20B079670012909E /* MapStyle.swift in Sources */,
				EBADFBA620B078DF0012909E /* DetailsPresenterImpl.swift in Sources */,
				EBADFBBA20B079670012909E /* APIError.swift in Sources */,
				EBADFBAF20B079350012909E /* MapViewController.swift in Sources */,
				EBADFB9F20B078A80012909E /* FetchStationObjectResponse.swift in Sources */,
				EB274EEF21AAC46E00906077 /* AppComponent.swift in Sources */,
				EBADFBB020B079350012909E /* DetailsViewController.swift in Sources */,
				EBADFBB820B079670012909E /* FavoriteStation.swift in Sources */,
				EBADFBA920B0790C0012909E /* PreferencesRepository.swift in Sources */,
				EBADFBAE20B079350012909E /* SettingsTableViewController.swift in Sources */,
				EBADFBA320B078C60012909E /* MapService.swift in Sources */,
				EBADFBB920B079670012909E /* Station.swift in Sources */,
				EB11657020A6D9A40086F8D7 /* MapPresenterImpl.swift in Sources */,
				EBADFBB120B079350012909E /* FavoriteTableViewController.swift in Sources */,
				EBADFBBE20B0798A0012909E /* Loadable.swift in Sources */,
				EBADFBCC20B07ABB0012909E /* velibMap.xcdatamodeld in Sources */,
				EBADFBB320B0793E0012909E /* FavoriteTableViewCell.swift in Sources */,
				E94D2B9122DB8F8E00A80A76 /* APIWorker.swift in Sources */,
				EBADFBBF20B0798A0012909E /* PopupManager.swift in Sources */,
			);
			runOnlyForDeploymentPostprocessing = 0;
		};
/* End PBXSourcesBuildPhase section */

/* Begin PBXTargetDependency section */
		E94D2B9C22DB94AB00A80A76 /* PBXTargetDependency */ = {
			isa = PBXTargetDependency;
			target = EBA372F41EA3A0CC00E214DD /* velib-map */;
			targetProxy = E94D2B9B22DB94AB00A80A76 /* PBXContainerItemProxy */;
		};
/* End PBXTargetDependency section */

/* Begin PBXVariantGroup section */
		EBA372FC1EA3A0CC00E214DD /* Main.storyboard */ = {
			isa = PBXVariantGroup;
			children = (
				EBA372FD1EA3A0CC00E214DD /* Base */,
			);
			name = Main.storyboard;
			sourceTree = "<group>";
		};
		EBA373011EA3A0CC00E214DD /* LaunchScreen.storyboard */ = {
			isa = PBXVariantGroup;
			children = (
				EBA373021EA3A0CC00E214DD /* Base */,
			);
			name = LaunchScreen.storyboard;
			sourceTree = "<group>";
		};
/* End PBXVariantGroup section */

/* Begin XCBuildConfiguration section */
		E94D2B9D22DB94AB00A80A76 /* Debug */ = {
			isa = XCBuildConfiguration;
			baseConfigurationReference = 4B7BC9EA316703AE564588F1 /* Pods-velib-mapTests.debug.xcconfig */;
			buildSettings = {
				BUNDLE_LOADER = "$(TEST_HOST)";
				CLANG_CXX_LANGUAGE_STANDARD = "gnu++14";
				CLANG_ENABLE_OBJC_WEAK = YES;
				CLANG_WARN_UNGUARDED_AVAILABILITY = YES_AGGRESSIVE;
				CODE_SIGN_IDENTITY = "iPhone Developer";
				CODE_SIGN_STYLE = Automatic;
				DEVELOPMENT_TEAM = XDX42S5M9N;
				GCC_C_LANGUAGE_STANDARD = gnu11;
				INFOPLIST_FILE = "velib-mapTests/Info.plist";
				IPHONEOS_DEPLOYMENT_TARGET = 12.2;
				LD_RUNPATH_SEARCH_PATHS = "$(inherited) @executable_path/Frameworks @loader_path/Frameworks";
				MTL_ENABLE_DEBUG_INFO = INCLUDE_SOURCE;
				MTL_FAST_MATH = YES;
				PRODUCT_BUNDLE_IDENTIFIER = "com.zlatan.velib-mapTests";
				PRODUCT_NAME = "$(TARGET_NAME)";
				SWIFT_VERSION = 5.0;
				TARGETED_DEVICE_FAMILY = "1,2";
				TEST_HOST = "$(BUILT_PRODUCTS_DIR)/velib-map.app/velib-map";
			};
			name = Debug;
		};
		E94D2B9E22DB94AB00A80A76 /* Release */ = {
			isa = XCBuildConfiguration;
			baseConfigurationReference = 23F9D0956B9A51CC3B1DDDCA /* Pods-velib-mapTests.release.xcconfig */;
			buildSettings = {
				BUNDLE_LOADER = "$(TEST_HOST)";
				CLANG_CXX_LANGUAGE_STANDARD = "gnu++14";
				CLANG_ENABLE_OBJC_WEAK = YES;
				CLANG_WARN_UNGUARDED_AVAILABILITY = YES_AGGRESSIVE;
				CODE_SIGN_IDENTITY = "iPhone Developer";
				CODE_SIGN_STYLE = Automatic;
				DEVELOPMENT_TEAM = XDX42S5M9N;
				GCC_C_LANGUAGE_STANDARD = gnu11;
				INFOPLIST_FILE = "velib-mapTests/Info.plist";
				IPHONEOS_DEPLOYMENT_TARGET = 12.2;
				LD_RUNPATH_SEARCH_PATHS = "$(inherited) @executable_path/Frameworks @loader_path/Frameworks";
				MTL_FAST_MATH = YES;
				PRODUCT_BUNDLE_IDENTIFIER = "com.zlatan.velib-mapTests";
				PRODUCT_NAME = "$(TARGET_NAME)";
				SWIFT_VERSION = 5.0;
				TARGETED_DEVICE_FAMILY = "1,2";
				TEST_HOST = "$(BUILT_PRODUCTS_DIR)/velib-map.app/velib-map";
			};
			name = Release;
		};
		EBA373051EA3A0CC00E214DD /* Debug */ = {
			isa = XCBuildConfiguration;
			buildSettings = {
				ALWAYS_SEARCH_USER_PATHS = NO;
				CLANG_ANALYZER_LOCALIZABILITY_NONLOCALIZED = YES;
				CLANG_ANALYZER_NONNULL = YES;
				CLANG_ANALYZER_NUMBER_OBJECT_CONVERSION = YES_AGGRESSIVE;
				CLANG_CXX_LANGUAGE_STANDARD = "gnu++0x";
				CLANG_CXX_LIBRARY = "libc++";
				CLANG_ENABLE_MODULES = YES;
				CLANG_ENABLE_OBJC_ARC = YES;
				CLANG_WARN_BLOCK_CAPTURE_AUTORELEASING = YES;
				CLANG_WARN_BOOL_CONVERSION = YES;
				CLANG_WARN_COMMA = YES;
				CLANG_WARN_CONSTANT_CONVERSION = YES;
				CLANG_WARN_DEPRECATED_OBJC_IMPLEMENTATIONS = YES;
				CLANG_WARN_DIRECT_OBJC_ISA_USAGE = YES_ERROR;
				CLANG_WARN_DOCUMENTATION_COMMENTS = YES;
				CLANG_WARN_EMPTY_BODY = YES;
				CLANG_WARN_ENUM_CONVERSION = YES;
				CLANG_WARN_INFINITE_RECURSION = YES;
				CLANG_WARN_INT_CONVERSION = YES;
				CLANG_WARN_NON_LITERAL_NULL_CONVERSION = YES;
				CLANG_WARN_OBJC_IMPLICIT_RETAIN_SELF = YES;
				CLANG_WARN_OBJC_LITERAL_CONVERSION = YES;
				CLANG_WARN_OBJC_ROOT_CLASS = YES_ERROR;
				CLANG_WARN_RANGE_LOOP_ANALYSIS = YES;
				CLANG_WARN_STRICT_PROTOTYPES = YES;
				CLANG_WARN_SUSPICIOUS_MOVE = YES;
				CLANG_WARN_UNREACHABLE_CODE = YES;
				CLANG_WARN__DUPLICATE_METHOD_MATCH = YES;
				"CODE_SIGN_IDENTITY[sdk=iphoneos*]" = "iPhone Developer";
				COPY_PHASE_STRIP = NO;
				DEBUG_INFORMATION_FORMAT = dwarf;
				ENABLE_STRICT_OBJC_MSGSEND = YES;
				ENABLE_TESTABILITY = YES;
				GCC_C_LANGUAGE_STANDARD = gnu99;
				GCC_DYNAMIC_NO_PIC = NO;
				GCC_NO_COMMON_BLOCKS = YES;
				GCC_OPTIMIZATION_LEVEL = 0;
				GCC_PREPROCESSOR_DEFINITIONS = (
					"DEBUG=1",
					"$(inherited)",
				);
				GCC_WARN_64_TO_32_BIT_CONVERSION = YES;
				GCC_WARN_ABOUT_RETURN_TYPE = YES_ERROR;
				GCC_WARN_UNDECLARED_SELECTOR = YES;
				GCC_WARN_UNINITIALIZED_AUTOS = YES_AGGRESSIVE;
				GCC_WARN_UNUSED_FUNCTION = YES;
				GCC_WARN_UNUSED_VARIABLE = YES;
				IPHONEOS_DEPLOYMENT_TARGET = 10.3;
				MTL_ENABLE_DEBUG_INFO = YES;
				ONLY_ACTIVE_ARCH = YES;
				SDKROOT = iphoneos;
				SWIFT_ACTIVE_COMPILATION_CONDITIONS = DEBUG;
				SWIFT_OPTIMIZATION_LEVEL = "-Onone";
			};
			name = Debug;
		};
		EBA373061EA3A0CC00E214DD /* Release */ = {
			isa = XCBuildConfiguration;
			buildSettings = {
				ALWAYS_SEARCH_USER_PATHS = NO;
				CLANG_ANALYZER_LOCALIZABILITY_NONLOCALIZED = YES;
				CLANG_ANALYZER_NONNULL = YES;
				CLANG_ANALYZER_NUMBER_OBJECT_CONVERSION = YES_AGGRESSIVE;
				CLANG_CXX_LANGUAGE_STANDARD = "gnu++0x";
				CLANG_CXX_LIBRARY = "libc++";
				CLANG_ENABLE_MODULES = YES;
				CLANG_ENABLE_OBJC_ARC = YES;
				CLANG_WARN_BLOCK_CAPTURE_AUTORELEASING = YES;
				CLANG_WARN_BOOL_CONVERSION = YES;
				CLANG_WARN_COMMA = YES;
				CLANG_WARN_CONSTANT_CONVERSION = YES;
				CLANG_WARN_DEPRECATED_OBJC_IMPLEMENTATIONS = YES;
				CLANG_WARN_DIRECT_OBJC_ISA_USAGE = YES_ERROR;
				CLANG_WARN_DOCUMENTATION_COMMENTS = YES;
				CLANG_WARN_EMPTY_BODY = YES;
				CLANG_WARN_ENUM_CONVERSION = YES;
				CLANG_WARN_INFINITE_RECURSION = YES;
				CLANG_WARN_INT_CONVERSION = YES;
				CLANG_WARN_NON_LITERAL_NULL_CONVERSION = YES;
				CLANG_WARN_OBJC_IMPLICIT_RETAIN_SELF = YES;
				CLANG_WARN_OBJC_LITERAL_CONVERSION = YES;
				CLANG_WARN_OBJC_ROOT_CLASS = YES_ERROR;
				CLANG_WARN_RANGE_LOOP_ANALYSIS = YES;
				CLANG_WARN_STRICT_PROTOTYPES = YES;
				CLANG_WARN_SUSPICIOUS_MOVE = YES;
				CLANG_WARN_UNREACHABLE_CODE = YES;
				CLANG_WARN__DUPLICATE_METHOD_MATCH = YES;
				"CODE_SIGN_IDENTITY[sdk=iphoneos*]" = "iPhone Developer";
				COPY_PHASE_STRIP = NO;
				DEBUG_INFORMATION_FORMAT = "dwarf-with-dsym";
				ENABLE_NS_ASSERTIONS = NO;
				ENABLE_STRICT_OBJC_MSGSEND = YES;
				GCC_C_LANGUAGE_STANDARD = gnu99;
				GCC_NO_COMMON_BLOCKS = YES;
				GCC_WARN_64_TO_32_BIT_CONVERSION = YES;
				GCC_WARN_ABOUT_RETURN_TYPE = YES_ERROR;
				GCC_WARN_UNDECLARED_SELECTOR = YES;
				GCC_WARN_UNINITIALIZED_AUTOS = YES_AGGRESSIVE;
				GCC_WARN_UNUSED_FUNCTION = YES;
				GCC_WARN_UNUSED_VARIABLE = YES;
				IPHONEOS_DEPLOYMENT_TARGET = 10.3;
				MTL_ENABLE_DEBUG_INFO = NO;
				SDKROOT = iphoneos;
				SWIFT_OPTIMIZATION_LEVEL = "-Owholemodule";
				VALIDATE_PRODUCT = YES;
			};
			name = Release;
		};
		EBA373081EA3A0CC00E214DD /* Debug */ = {
			isa = XCBuildConfiguration;
			baseConfigurationReference = 2413D55EBACB8020A6DB241A /* Pods-velib-map.debug.xcconfig */;
			buildSettings = {
				ASSETCATALOG_COMPILER_APPICON_NAME = AppIcon;
				DEBUG_INFORMATION_FORMAT = "dwarf-with-dsym";
				DEVELOPMENT_TEAM = XDX42S5M9N;
				INFOPLIST_FILE = "$(SRCROOT)/velib-map/SupportingFiles/Info.plist";
				IPHONEOS_DEPLOYMENT_TARGET = 10.0;
				LD_RUNPATH_SEARCH_PATHS = "$(inherited) @executable_path/Frameworks";
				MARKETING_VERSION = 1.6.0;
				PRODUCT_BUNDLE_IDENTIFIER = "com.zlatan.velib-map";
				PRODUCT_NAME = "$(TARGET_NAME)";
				PROVISIONING_PROFILE = "4862d4da-a539-43f1-bb6a-c649b1d8b2dd";
				PROVISIONING_PROFILE_SPECIFIER = "velib-today_dev";
				SWIFT_SWIFT3_OBJC_INFERENCE = Default;
				SWIFT_VERSION = 5.0;
			};
			name = Debug;
		};
		EBA373091EA3A0CC00E214DD /* Release */ = {
			isa = XCBuildConfiguration;
			baseConfigurationReference = FD0FBAEF8A1323275B26288F /* Pods-velib-map.release.xcconfig */;
			buildSettings = {
				ASSETCATALOG_COMPILER_APPICON_NAME = AppIcon;
				"CODE_SIGN_IDENTITY[sdk=iphoneos*]" = "iPhone Distribution";
				DEVELOPMENT_TEAM = XDX42S5M9N;
				INFOPLIST_FILE = "$(SRCROOT)/velib-map/SupportingFiles/Info.plist";
				IPHONEOS_DEPLOYMENT_TARGET = 10.0;
				LD_RUNPATH_SEARCH_PATHS = "$(inherited) @executable_path/Frameworks";
				MARKETING_VERSION = 1.6.0;
				PRODUCT_BUNDLE_IDENTIFIER = "com.zlatan.velib-map";
				PRODUCT_NAME = "$(TARGET_NAME)";
				PROVISIONING_PROFILE = "600004c0-06e2-45b1-ab37-456b3d7e1f45";
				PROVISIONING_PROFILE_SPECIFIER = "velib-today_appstore";
				SWIFT_ACTIVE_COMPILATION_CONDITIONS = RELEASE;
				SWIFT_SWIFT3_OBJC_INFERENCE = Default;
				SWIFT_VERSION = 5.0;
			};
			name = Release;
		};
/* End XCBuildConfiguration section */

/* Begin XCConfigurationList section */
		E94D2B9F22DB94AB00A80A76 /* Build configuration list for PBXNativeTarget "velib-mapTests" */ = {
			isa = XCConfigurationList;
			buildConfigurations = (
				E94D2B9D22DB94AB00A80A76 /* Debug */,
				E94D2B9E22DB94AB00A80A76 /* Release */,
			);
			defaultConfigurationIsVisible = 0;
			defaultConfigurationName = Release;
		};
		EBA372F01EA3A0CC00E214DD /* Build configuration list for PBXProject "velib-map" */ = {
			isa = XCConfigurationList;
			buildConfigurations = (
				EBA373051EA3A0CC00E214DD /* Debug */,
				EBA373061EA3A0CC00E214DD /* Release */,
			);
			defaultConfigurationIsVisible = 0;
			defaultConfigurationName = Release;
		};
		EBA373071EA3A0CC00E214DD /* Build configuration list for PBXNativeTarget "velib-map" */ = {
			isa = XCConfigurationList;
			buildConfigurations = (
				EBA373081EA3A0CC00E214DD /* Debug */,
				EBA373091EA3A0CC00E214DD /* Release */,
			);
			defaultConfigurationIsVisible = 0;
			defaultConfigurationName = Release;
		};
/* End XCConfigurationList section */

/* Begin XCVersionGroup section */
		EBADFBC920B07AB80012909E /* velibMap.xcdatamodeld */ = {
			isa = XCVersionGroup;
			children = (
				EBADFBCA20B07AB80012909E /* velibMap.xcdatamodel */,
			);
			currentVersion = EBADFBCA20B07AB80012909E /* velibMap.xcdatamodel */;
			name = velibMap.xcdatamodeld;
			path = SupportingFiles/velibMap.xcdatamodeld;
			sourceTree = "<group>";
			versionGroupType = wrapper.xcdatamodel;
		};
/* End XCVersionGroup section */
	};
	rootObject = EBA372ED1EA3A0CC00E214DD /* Project object */;
}
